<?xml version="1.0" encoding="UTF-8"?>
<!DOCTYPE plist PUBLIC "-//Apple//DTD PLIST 1.0//EN" "http://www.apple.com/DTDs/PropertyList-1.0.dtd">
<plist version="1.0">
<dict>
	<key>archiveVersion</key>
	<string>1</string>
	<key>classes</key>
	<dict/>
	<key>objectVersion</key>
	<string>46</string>
	<key>objects</key>
	<dict>
		<key>0C05AA37EF89374E60A73E2A</key>
		<dict>
			<key>buildActionMask</key>
			<string>2147483647</string>
			<key>files</key>
			<array/>
			<key>inputPaths</key>
			<array/>
			<key>isa</key>
			<string>PBXShellScriptBuildPhase</string>
			<key>name</key>
			<string>Copy Pods Resources</string>
			<key>outputPaths</key>
			<array/>
			<key>runOnlyForDeploymentPostprocessing</key>
			<string>0</string>
			<key>shellPath</key>
			<string>/bin/sh</string>
			<key>shellScript</key>
			<string>"${SRCROOT}/Pods/Target Support Files/Pods/Pods-resources.sh"
</string>
			<key>showEnvVarsInLog</key>
			<string>0</string>
		</dict>
		<key>0F2A0554565FA42DB574478E</key>
		<dict>
			<key>includeInIndex</key>
			<string>1</string>
			<key>isa</key>
			<string>PBXFileReference</string>
			<key>lastKnownFileType</key>
			<string>text.xcconfig</string>
			<key>name</key>
			<string>Pods.debug.xcconfig</string>
			<key>path</key>
			<string>Pods/Target Support Files/Pods/Pods.debug.xcconfig</string>
			<key>sourceTree</key>
			<string>&lt;group&gt;</string>
		</dict>
		<key>4220930C02A341CF7DCA73C7</key>
		<dict>
			<key>fileRef</key>
			<string>54BF8E171EB0C38EEC311560</string>
			<key>isa</key>
			<string>PBXBuildFile</string>
		</dict>
		<key>50EC3B1FA6DDFEB55F4412AE</key>
		<dict>
			<key>children</key>
			<array>
				<string>54BF8E171EB0C38EEC311560</string>
			</array>
			<key>isa</key>
			<string>PBXGroup</string>
			<key>name</key>
			<string>Frameworks</string>
			<key>sourceTree</key>
			<string>&lt;group&gt;</string>
		</dict>
		<key>54BF8E171EB0C38EEC311560</key>
		<dict>
			<key>explicitFileType</key>
			<string>archive.ar</string>
			<key>includeInIndex</key>
			<string>0</string>
			<key>isa</key>
			<string>PBXFileReference</string>
			<key>path</key>
			<string>libPods.a</string>
			<key>sourceTree</key>
			<string>BUILT_PRODUCTS_DIR</string>
		</dict>
		<key>58059A81657BC21CBD539E6D</key>
		<dict>
			<key>children</key>
			<array>
				<string>0F2A0554565FA42DB574478E</string>
				<string>6F0F987FDC3E78742DF01139</string>
			</array>
			<key>isa</key>
			<string>PBXGroup</string>
			<key>name</key>
			<string>Pods</string>
			<key>sourceTree</key>
			<string>&lt;group&gt;</string>
		</dict>
		<key>6F0F987FDC3E78742DF01139</key>
		<dict>
			<key>includeInIndex</key>
			<string>1</string>
			<key>isa</key>
			<string>PBXFileReference</string>
			<key>lastKnownFileType</key>
			<string>text.xcconfig</string>
			<key>name</key>
			<string>Pods.release.xcconfig</string>
			<key>path</key>
			<string>Pods/Target Support Files/Pods/Pods.release.xcconfig</string>
			<key>sourceTree</key>
			<string>&lt;group&gt;</string>
		</dict>
		<key>736A88D21AA819A40035631A</key>
		<dict>
			<key>children</key>
			<array>
				<string>736A88DD1AA819A40035631A</string>
				<string>736A88F71AA819A40035631A</string>
				<string>736A88DC1AA819A40035631A</string>
				<string>58059A81657BC21CBD539E6D</string>
				<string>50EC3B1FA6DDFEB55F4412AE</string>
			</array>
			<key>isa</key>
			<string>PBXGroup</string>
			<key>sourceTree</key>
			<string>&lt;group&gt;</string>
		</dict>
		<key>736A88D31AA819A40035631A</key>
		<dict>
			<key>attributes</key>
			<dict>
				<key>LastUpgradeCheck</key>
				<string>0610</string>
				<key>ORGANIZATIONNAME</key>
				<string>Box</string>
				<key>TargetAttributes</key>
				<dict>
					<key>736A88DA1AA819A40035631A</key>
					<dict>
						<key>CreatedOnToolsVersion</key>
						<string>6.1.1</string>
					</dict>
					<key>736A88F31AA819A40035631A</key>
					<dict>
						<key>CreatedOnToolsVersion</key>
						<string>6.1.1</string>
						<key>TestTargetID</key>
						<string>736A88DA1AA819A40035631A</string>
					</dict>
				</dict>
			</dict>
			<key>buildConfigurationList</key>
			<string>736A88D61AA819A40035631A</string>
			<key>compatibilityVersion</key>
			<string>Xcode 3.2</string>
			<key>developmentRegion</key>
			<string>English</string>
			<key>hasScannedForEncodings</key>
			<string>0</string>
			<key>isa</key>
			<string>PBXProject</string>
			<key>knownRegions</key>
			<array>
				<string>en</string>
				<string>Base</string>
			</array>
			<key>mainGroup</key>
			<string>736A88D21AA819A40035631A</string>
			<key>productRefGroup</key>
			<string>736A88DC1AA819A40035631A</string>
			<key>projectDirPath</key>
			<string></string>
			<key>projectReferences</key>
			<array/>
			<key>projectRoot</key>
			<string></string>
			<key>targets</key>
			<array>
				<string>736A88DA1AA819A40035631A</string>
				<string>736A88F31AA819A40035631A</string>
			</array>
		</dict>
		<key>736A88D61AA819A40035631A</key>
		<dict>
			<key>buildConfigurations</key>
			<array>
				<string>736A88FC1AA819A40035631A</string>
				<string>736A88FD1AA819A40035631A</string>
			</array>
			<key>defaultConfigurationIsVisible</key>
			<string>0</string>
			<key>defaultConfigurationName</key>
			<string>Release</string>
			<key>isa</key>
			<string>XCConfigurationList</string>
		</dict>
		<key>736A88D71AA819A40035631A</key>
		<dict>
			<key>buildActionMask</key>
			<string>2147483647</string>
			<key>files</key>
			<array>
				<string>736A89851AA8B9BC0035631A</string>
				<string>736A892D1AA8AFC20035631A</string>
				<string>736A899B1AA8CB190035631A</string>
				<string>736A88E41AA819A40035631A</string>
				<string>736A894D1AA8B4480035631A</string>
				<string>736A89571AA8B4BD0035631A</string>
				<string>736A89481AA8B4300035631A</string>
				<string>736A88E11AA819A40035631A</string>
				<string>736A89801AA8B9760035631A</string>
				<string>736A899A1AA8CB190035631A</string>
				<string>736A89691AA8B6080035631A</string>
				<string>736A897A1AA8B6DE0035631A</string>
				<string>736A896E1AA8B6340035631A</string>
				<string>8F1E33671AA915DA001C7A56</string>
				<string>736A898A1AA8BBCB0035631A</string>
				<string>736A89991AA8CB190035631A</string>
				<string>736A89171AA8AA570035631A</string>
				<string>736A89521AA8B4880035631A</string>
				<string>736A89381AA8B0250035631A</string>
				<string>736A89111AA8AA2A0035631A</string>
				<string>736A89401AA8B0AD0035631A</string>
				<string>736A899C1AA8CB190035631A</string>
				<string>736A895C1AA8B4D80035631A</string>
				<string>736A898D1AA8BCE80035631A</string>
				<string>736A89641AA8B5DF0035631A</string>
				<string>736A89281AA8AF7C0035631A</string>
				<string>736A89331AA8B0070035631A</string>
			</array>
			<key>isa</key>
			<string>PBXSourcesBuildPhase</string>
			<key>runOnlyForDeploymentPostprocessing</key>
			<string>0</string>
		</dict>
		<key>736A88D81AA819A40035631A</key>
		<dict>
			<key>buildActionMask</key>
			<string>2147483647</string>
			<key>files</key>
			<array>
				<string>4220930C02A341CF7DCA73C7</string>
			</array>
			<key>isa</key>
			<string>PBXFrameworksBuildPhase</string>
			<key>runOnlyForDeploymentPostprocessing</key>
			<string>0</string>
		</dict>
		<key>736A88D91AA819A40035631A</key>
		<dict>
			<key>buildActionMask</key>
			<string>2147483647</string>
			<key>files</key>
			<array>
				<string>736A89291AA8AF7C0035631A</string>
				<string>736A89861AA8B9BC0035631A</string>
				<string>736A89811AA8B9760035631A</string>
				<string>736A89391AA8B0250035631A</string>
				<string>736A892E1AA8AFC20035631A</string>
				<string>736A896F1AA8B6340035631A</string>
				<string>736A88EF1AA819A40035631A</string>
				<string>736A88EC1AA819A40035631A</string>
				<string>8F1E33681AA915DA001C7A56</string>
				<string>736A897B1AA8B6DE0035631A</string>
				<string>736A89181AA8AA570035631A</string>
				<string>736A89531AA8B4880035631A</string>
				<string>736A89491AA8B4300035631A</string>
				<string>736A89651AA8B5DF0035631A</string>
				<string>736A89581AA8B4BD0035631A</string>
				<string>736A89341AA8B0070035631A</string>
				<string>736A89121AA8AA2A0035631A</string>
				<string>736A895D1AA8B4D80035631A</string>
				<string>736A894E1AA8B4480035631A</string>
				<string>736A896A1AA8B6080035631A</string>
			</array>
			<key>isa</key>
			<string>PBXResourcesBuildPhase</string>
			<key>runOnlyForDeploymentPostprocessing</key>
			<string>0</string>
		</dict>
		<key>736A88DA1AA819A40035631A</key>
		<dict>
			<key>buildConfigurationList</key>
			<string>736A88FE1AA819A40035631A</string>
			<key>buildPhases</key>
			<array>
				<string>ED75349D04F20CB0CF135268</string>
				<string>736A88D71AA819A40035631A</string>
				<string>736A88D81AA819A40035631A</string>
				<string>736A88D91AA819A40035631A</string>
				<string>0C05AA37EF89374E60A73E2A</string>
			</array>
			<key>buildRules</key>
			<array/>
			<key>dependencies</key>
			<array/>
			<key>isa</key>
			<string>PBXNativeTarget</string>
			<key>name</key>
			<string>Pencils</string>
			<key>productName</key>
			<string>Pencils</string>
			<key>productReference</key>
			<string>736A88DB1AA819A40035631A</string>
			<key>productType</key>
			<string>com.apple.product-type.application</string>
		</dict>
		<key>736A88DB1AA819A40035631A</key>
		<dict>
			<key>explicitFileType</key>
			<string>wrapper.application</string>
			<key>includeInIndex</key>
			<string>0</string>
			<key>isa</key>
			<string>PBXFileReference</string>
			<key>path</key>
			<string>Pencils.app</string>
			<key>sourceTree</key>
			<string>BUILT_PRODUCTS_DIR</string>
		</dict>
		<key>736A88DC1AA819A40035631A</key>
		<dict>
			<key>children</key>
			<array>
				<string>736A88DB1AA819A40035631A</string>
				<string>736A88F41AA819A40035631A</string>
			</array>
			<key>isa</key>
			<string>PBXGroup</string>
			<key>name</key>
			<string>Products</string>
			<key>sourceTree</key>
			<string>&lt;group&gt;</string>
		</dict>
		<key>736A88DD1AA819A40035631A</key>
		<dict>
			<key>children</key>
			<array>
				<string>736A890D1AA8A9EF0035631A</string>
				<string>736A89871AA8BB990035631A</string>
				<string>736A890B1AA8A9E30035631A</string>
				<string>736A88DE1AA819A40035631A</string>
				<string>736A890C1AA8A9EA0035631A</string>
				<string>736A893D1AA8B0820035631A</string>
				<string>736A88E21AA819A40035631A</string>
				<string>736A88E31AA819A40035631A</string>
				<string>736A88EB1AA819A40035631A</string>
				<string>736A88ED1AA819A40035631A</string>
			</array>
			<key>isa</key>
			<string>PBXGroup</string>
			<key>path</key>
			<string>Pencils</string>
			<key>sourceTree</key>
			<string>&lt;group&gt;</string>
		</dict>
		<key>736A88DE1AA819A40035631A</key>
		<dict>
			<key>children</key>
			<array>
				<string>736A88DF1AA819A40035631A</string>
				<string>736A88E01AA819A40035631A</string>
			</array>
			<key>isa</key>
			<string>PBXGroup</string>
			<key>name</key>
			<string>Supporting Files</string>
			<key>sourceTree</key>
			<string>&lt;group&gt;</string>
		</dict>
		<key>736A88DF1AA819A40035631A</key>
		<dict>
			<key>isa</key>
			<string>PBXFileReference</string>
			<key>lastKnownFileType</key>
			<string>text.plist.xml</string>
			<key>path</key>
			<string>Info.plist</string>
			<key>sourceTree</key>
			<string>&lt;group&gt;</string>
		</dict>
		<key>736A88E01AA819A40035631A</key>
		<dict>
			<key>isa</key>
			<string>PBXFileReference</string>
			<key>lastKnownFileType</key>
			<string>sourcecode.c.objc</string>
			<key>path</key>
			<string>main.m</string>
			<key>sourceTree</key>
			<string>&lt;group&gt;</string>
		</dict>
		<key>736A88E11AA819A40035631A</key>
		<dict>
			<key>fileRef</key>
			<string>736A88E01AA819A40035631A</string>
			<key>isa</key>
			<string>PBXBuildFile</string>
		</dict>
		<key>736A88E21AA819A40035631A</key>
		<dict>
			<key>isa</key>
			<string>PBXFileReference</string>
			<key>lastKnownFileType</key>
			<string>sourcecode.c.h</string>
			<key>path</key>
			<string>AppDelegate.h</string>
			<key>sourceTree</key>
			<string>&lt;group&gt;</string>
		</dict>
		<key>736A88E31AA819A40035631A</key>
		<dict>
			<key>isa</key>
			<string>PBXFileReference</string>
			<key>lastKnownFileType</key>
			<string>sourcecode.c.objc</string>
			<key>path</key>
			<string>AppDelegate.m</string>
			<key>sourceTree</key>
			<string>&lt;group&gt;</string>
			<key>wrapsLines</key>
			<string>0</string>
		</dict>
		<key>736A88E41AA819A40035631A</key>
		<dict>
			<key>fileRef</key>
			<string>736A88E31AA819A40035631A</string>
			<key>isa</key>
			<string>PBXBuildFile</string>
		</dict>
		<key>736A88EB1AA819A40035631A</key>
		<dict>
			<key>isa</key>
			<string>PBXFileReference</string>
			<key>lastKnownFileType</key>
			<string>folder.assetcatalog</string>
			<key>path</key>
			<string>Images.xcassets</string>
			<key>sourceTree</key>
			<string>&lt;group&gt;</string>
		</dict>
		<key>736A88EC1AA819A40035631A</key>
		<dict>
			<key>fileRef</key>
			<string>736A88EB1AA819A40035631A</string>
			<key>isa</key>
			<string>PBXBuildFile</string>
		</dict>
		<key>736A88ED1AA819A40035631A</key>
		<dict>
			<key>children</key>
			<array>
				<string>736A88EE1AA819A40035631A</string>
			</array>
			<key>isa</key>
			<string>PBXVariantGroup</string>
			<key>name</key>
			<string>LaunchScreen.xib</string>
			<key>sourceTree</key>
			<string>&lt;group&gt;</string>
		</dict>
		<key>736A88EE1AA819A40035631A</key>
		<dict>
			<key>isa</key>
			<string>PBXFileReference</string>
			<key>lastKnownFileType</key>
			<string>file.xib</string>
			<key>name</key>
			<string>Base</string>
			<key>path</key>
			<string>Base.lproj/LaunchScreen.xib</string>
			<key>sourceTree</key>
			<string>&lt;group&gt;</string>
		</dict>
		<key>736A88EF1AA819A40035631A</key>
		<dict>
			<key>fileRef</key>
			<string>736A88ED1AA819A40035631A</string>
			<key>isa</key>
			<string>PBXBuildFile</string>
		</dict>
		<key>736A88F01AA819A40035631A</key>
		<dict>
			<key>buildActionMask</key>
			<string>2147483647</string>
			<key>files</key>
			<array>
				<string>736A89231AA8AD010035631A</string>
				<string>736A88FB1AA819A40035631A</string>
			</array>
			<key>isa</key>
			<string>PBXSourcesBuildPhase</string>
			<key>runOnlyForDeploymentPostprocessing</key>
			<string>0</string>
		</dict>
		<key>736A88F11AA819A40035631A</key>
		<dict>
			<key>buildActionMask</key>
			<string>2147483647</string>
			<key>files</key>
			<array/>
			<key>isa</key>
			<string>PBXFrameworksBuildPhase</string>
			<key>runOnlyForDeploymentPostprocessing</key>
			<string>0</string>
		</dict>
		<key>736A88F21AA819A40035631A</key>
		<dict>
			<key>buildActionMask</key>
			<string>2147483647</string>
			<key>files</key>
			<array/>
			<key>isa</key>
			<string>PBXResourcesBuildPhase</string>
			<key>runOnlyForDeploymentPostprocessing</key>
			<string>0</string>
		</dict>
		<key>736A88F31AA819A40035631A</key>
		<dict>
			<key>buildConfigurationList</key>
			<string>736A89011AA819A40035631A</string>
			<key>buildPhases</key>
			<array>
				<string>736A88F01AA819A40035631A</string>
				<string>736A88F11AA819A40035631A</string>
				<string>736A88F21AA819A40035631A</string>
			</array>
			<key>buildRules</key>
			<array/>
			<key>dependencies</key>
			<array>
				<string>736A88F61AA819A40035631A</string>
			</array>
			<key>isa</key>
			<string>PBXNativeTarget</string>
			<key>name</key>
			<string>PencilsTests</string>
			<key>productName</key>
			<string>PencilsTests</string>
			<key>productReference</key>
			<string>736A88F41AA819A40035631A</string>
			<key>productType</key>
			<string>com.apple.product-type.bundle.unit-test</string>
		</dict>
		<key>736A88F41AA819A40035631A</key>
		<dict>
			<key>explicitFileType</key>
			<string>wrapper.cfbundle</string>
			<key>includeInIndex</key>
			<string>0</string>
			<key>isa</key>
			<string>PBXFileReference</string>
			<key>path</key>
			<string>PencilsTests.xctest</string>
			<key>sourceTree</key>
			<string>BUILT_PRODUCTS_DIR</string>
		</dict>
		<key>736A88F51AA819A40035631A</key>
		<dict>
			<key>containerPortal</key>
			<string>736A88D31AA819A40035631A</string>
			<key>isa</key>
			<string>PBXContainerItemProxy</string>
			<key>proxyType</key>
			<string>1</string>
			<key>remoteGlobalIDString</key>
			<string>736A88DA1AA819A40035631A</string>
			<key>remoteInfo</key>
			<string>Pencils</string>
		</dict>
		<key>736A88F61AA819A40035631A</key>
		<dict>
			<key>isa</key>
			<string>PBXTargetDependency</string>
			<key>target</key>
			<string>736A88DA1AA819A40035631A</string>
			<key>targetProxy</key>
			<string>736A88F51AA819A40035631A</string>
		</dict>
		<key>736A88F71AA819A40035631A</key>
		<dict>
			<key>children</key>
			<array>
				<string>736A89211AA8ACC50035631A</string>
				<string>736A88F81AA819A40035631A</string>
				<string>736A88FA1AA819A40035631A</string>
			</array>
			<key>isa</key>
			<string>PBXGroup</string>
			<key>path</key>
			<string>PencilsTests</string>
			<key>sourceTree</key>
			<string>&lt;group&gt;</string>
		</dict>
		<key>736A88F81AA819A40035631A</key>
		<dict>
			<key>children</key>
			<array>
				<string>736A88F91AA819A40035631A</string>
			</array>
			<key>isa</key>
			<string>PBXGroup</string>
			<key>name</key>
			<string>Supporting Files</string>
			<key>sourceTree</key>
			<string>&lt;group&gt;</string>
		</dict>
		<key>736A88F91AA819A40035631A</key>
		<dict>
			<key>isa</key>
			<string>PBXFileReference</string>
			<key>lastKnownFileType</key>
			<string>text.plist.xml</string>
			<key>path</key>
			<string>Info.plist</string>
			<key>sourceTree</key>
			<string>&lt;group&gt;</string>
		</dict>
		<key>736A88FA1AA819A40035631A</key>
		<dict>
			<key>isa</key>
			<string>PBXFileReference</string>
			<key>lastKnownFileType</key>
			<string>sourcecode.c.objc</string>
			<key>path</key>
			<string>PencilsTests.m</string>
			<key>sourceTree</key>
			<string>&lt;group&gt;</string>
		</dict>
		<key>736A88FB1AA819A40035631A</key>
		<dict>
			<key>fileRef</key>
			<string>736A88FA1AA819A40035631A</string>
			<key>isa</key>
			<string>PBXBuildFile</string>
		</dict>
		<key>736A88FC1AA819A40035631A</key>
		<dict>
			<key>buildSettings</key>
			<dict>
				<key>ALWAYS_SEARCH_USER_PATHS</key>
				<string>NO</string>
				<key>CLANG_CXX_LANGUAGE_STANDARD</key>
				<string>gnu++0x</string>
				<key>CLANG_CXX_LIBRARY</key>
				<string>libc++</string>
				<key>CLANG_ENABLE_MODULES</key>
				<string>YES</string>
				<key>CLANG_ENABLE_OBJC_ARC</key>
				<string>YES</string>
				<key>CLANG_WARN_BOOL_CONVERSION</key>
				<string>YES</string>
				<key>CLANG_WARN_CONSTANT_CONVERSION</key>
				<string>YES</string>
				<key>CLANG_WARN_DIRECT_OBJC_ISA_USAGE</key>
				<string>YES_ERROR</string>
				<key>CLANG_WARN_EMPTY_BODY</key>
				<string>YES</string>
				<key>CLANG_WARN_ENUM_CONVERSION</key>
				<string>YES</string>
				<key>CLANG_WARN_INT_CONVERSION</key>
				<string>YES</string>
				<key>CLANG_WARN_OBJC_ROOT_CLASS</key>
				<string>YES_ERROR</string>
				<key>CLANG_WARN_UNREACHABLE_CODE</key>
				<string>YES</string>
				<key>CLANG_WARN__DUPLICATE_METHOD_MATCH</key>
				<string>YES</string>
				<key>CODE_SIGN_IDENTITY[sdk=iphoneos*]</key>
				<string>iPhone Developer</string>
				<key>COPY_PHASE_STRIP</key>
				<string>NO</string>
				<key>ENABLE_STRICT_OBJC_MSGSEND</key>
				<string>YES</string>
				<key>GCC_C_LANGUAGE_STANDARD</key>
				<string>gnu99</string>
				<key>GCC_DYNAMIC_NO_PIC</key>
				<string>NO</string>
				<key>GCC_OPTIMIZATION_LEVEL</key>
				<string>0</string>
				<key>GCC_PREPROCESSOR_DEFINITIONS</key>
				<array>
					<string>DEBUG=1</string>
					<string>$(inherited)</string>
				</array>
				<key>GCC_SYMBOLS_PRIVATE_EXTERN</key>
				<string>NO</string>
				<key>GCC_WARN_64_TO_32_BIT_CONVERSION</key>
				<string>YES</string>
				<key>GCC_WARN_ABOUT_RETURN_TYPE</key>
				<string>YES_ERROR</string>
				<key>GCC_WARN_UNDECLARED_SELECTOR</key>
				<string>YES</string>
				<key>GCC_WARN_UNINITIALIZED_AUTOS</key>
				<string>YES_AGGRESSIVE</string>
				<key>GCC_WARN_UNUSED_FUNCTION</key>
				<string>YES</string>
				<key>GCC_WARN_UNUSED_VARIABLE</key>
				<string>YES</string>
				<key>IPHONEOS_DEPLOYMENT_TARGET</key>
				<string>8.1</string>
				<key>MTL_ENABLE_DEBUG_INFO</key>
				<string>YES</string>
				<key>ONLY_ACTIVE_ARCH</key>
				<string>YES</string>
				<key>SDKROOT</key>
				<string>iphoneos</string>
			</dict>
			<key>isa</key>
			<string>XCBuildConfiguration</string>
			<key>name</key>
			<string>Debug</string>
		</dict>
		<key>736A88FD1AA819A40035631A</key>
		<dict>
			<key>buildSettings</key>
			<dict>
				<key>ALWAYS_SEARCH_USER_PATHS</key>
				<string>NO</string>
				<key>CLANG_CXX_LANGUAGE_STANDARD</key>
				<string>gnu++0x</string>
				<key>CLANG_CXX_LIBRARY</key>
				<string>libc++</string>
				<key>CLANG_ENABLE_MODULES</key>
				<string>YES</string>
				<key>CLANG_ENABLE_OBJC_ARC</key>
				<string>YES</string>
				<key>CLANG_WARN_BOOL_CONVERSION</key>
				<string>YES</string>
				<key>CLANG_WARN_CONSTANT_CONVERSION</key>
				<string>YES</string>
				<key>CLANG_WARN_DIRECT_OBJC_ISA_USAGE</key>
				<string>YES_ERROR</string>
				<key>CLANG_WARN_EMPTY_BODY</key>
				<string>YES</string>
				<key>CLANG_WARN_ENUM_CONVERSION</key>
				<string>YES</string>
				<key>CLANG_WARN_INT_CONVERSION</key>
				<string>YES</string>
				<key>CLANG_WARN_OBJC_ROOT_CLASS</key>
				<string>YES_ERROR</string>
				<key>CLANG_WARN_UNREACHABLE_CODE</key>
				<string>YES</string>
				<key>CLANG_WARN__DUPLICATE_METHOD_MATCH</key>
				<string>YES</string>
				<key>CODE_SIGN_IDENTITY[sdk=iphoneos*]</key>
				<string>iPhone Developer</string>
				<key>COPY_PHASE_STRIP</key>
				<string>YES</string>
				<key>ENABLE_NS_ASSERTIONS</key>
				<string>NO</string>
				<key>ENABLE_STRICT_OBJC_MSGSEND</key>
				<string>YES</string>
				<key>GCC_C_LANGUAGE_STANDARD</key>
				<string>gnu99</string>
				<key>GCC_WARN_64_TO_32_BIT_CONVERSION</key>
				<string>YES</string>
				<key>GCC_WARN_ABOUT_RETURN_TYPE</key>
				<string>YES_ERROR</string>
				<key>GCC_WARN_UNDECLARED_SELECTOR</key>
				<string>YES</string>
				<key>GCC_WARN_UNINITIALIZED_AUTOS</key>
				<string>YES_AGGRESSIVE</string>
				<key>GCC_WARN_UNUSED_FUNCTION</key>
				<string>YES</string>
				<key>GCC_WARN_UNUSED_VARIABLE</key>
				<string>YES</string>
				<key>IPHONEOS_DEPLOYMENT_TARGET</key>
				<string>8.1</string>
				<key>MTL_ENABLE_DEBUG_INFO</key>
				<string>NO</string>
				<key>SDKROOT</key>
				<string>iphoneos</string>
				<key>VALIDATE_PRODUCT</key>
				<string>YES</string>
			</dict>
			<key>isa</key>
			<string>XCBuildConfiguration</string>
			<key>name</key>
			<string>Release</string>
		</dict>
		<key>736A88FE1AA819A40035631A</key>
		<dict>
			<key>buildConfigurations</key>
			<array>
				<string>736A88FF1AA819A40035631A</string>
				<string>736A89001AA819A40035631A</string>
			</array>
			<key>defaultConfigurationIsVisible</key>
			<string>0</string>
			<key>defaultConfigurationName</key>
			<string>Release</string>
			<key>isa</key>
			<string>XCConfigurationList</string>
		</dict>
		<key>736A88FF1AA819A40035631A</key>
		<dict>
			<key>baseConfigurationReference</key>
			<string>0F2A0554565FA42DB574478E</string>
			<key>buildSettings</key>
			<dict>
				<key>ASSETCATALOG_COMPILER_APPICON_NAME</key>
				<string>AppIcon</string>
				<key>INFOPLIST_FILE</key>
				<string>Pencils/Info.plist</string>
				<key>IPHONEOS_DEPLOYMENT_TARGET</key>
				<string>8.0</string>
				<key>LD_RUNPATH_SEARCH_PATHS</key>
				<string>$(inherited) @executable_path/Frameworks</string>
				<key>PRODUCT_NAME</key>
				<string>$(TARGET_NAME)</string>
			</dict>
			<key>isa</key>
			<string>XCBuildConfiguration</string>
			<key>name</key>
			<string>Debug</string>
		</dict>
		<key>736A89001AA819A40035631A</key>
		<dict>
			<key>baseConfigurationReference</key>
			<string>6F0F987FDC3E78742DF01139</string>
			<key>buildSettings</key>
			<dict>
				<key>ASSETCATALOG_COMPILER_APPICON_NAME</key>
				<string>AppIcon</string>
				<key>INFOPLIST_FILE</key>
				<string>Pencils/Info.plist</string>
				<key>IPHONEOS_DEPLOYMENT_TARGET</key>
				<string>8.0</string>
				<key>LD_RUNPATH_SEARCH_PATHS</key>
				<string>$(inherited) @executable_path/Frameworks</string>
				<key>PRODUCT_NAME</key>
				<string>$(TARGET_NAME)</string>
			</dict>
			<key>isa</key>
			<string>XCBuildConfiguration</string>
			<key>name</key>
			<string>Release</string>
		</dict>
		<key>736A89011AA819A40035631A</key>
		<dict>
			<key>buildConfigurations</key>
			<array>
				<string>736A89021AA819A40035631A</string>
				<string>736A89031AA819A40035631A</string>
			</array>
			<key>defaultConfigurationIsVisible</key>
			<string>0</string>
			<key>defaultConfigurationName</key>
			<string>Release</string>
			<key>isa</key>
			<string>XCConfigurationList</string>
		</dict>
		<key>736A89021AA819A40035631A</key>
		<dict>
			<key>buildSettings</key>
			<dict>
				<key>BUNDLE_LOADER</key>
				<string>$(TEST_HOST)</string>
				<key>FRAMEWORK_SEARCH_PATHS</key>
				<array>
					<string>$(SDKROOT)/Developer/Library/Frameworks</string>
					<string>$(inherited)</string>
				</array>
				<key>GCC_PREPROCESSOR_DEFINITIONS</key>
				<array>
					<string>DEBUG=1</string>
					<string>$(inherited)</string>
				</array>
				<key>INFOPLIST_FILE</key>
				<string>PencilsTests/Info.plist</string>
				<key>LD_RUNPATH_SEARCH_PATHS</key>
				<string>$(inherited) @executable_path/Frameworks @loader_path/Frameworks</string>
				<key>PRODUCT_NAME</key>
				<string>$(TARGET_NAME)</string>
				<key>TEST_HOST</key>
				<string>$(BUILT_PRODUCTS_DIR)/Pencils.app/Pencils</string>
			</dict>
			<key>isa</key>
			<string>XCBuildConfiguration</string>
			<key>name</key>
			<string>Debug</string>
		</dict>
		<key>736A89031AA819A40035631A</key>
		<dict>
			<key>buildSettings</key>
			<dict>
				<key>BUNDLE_LOADER</key>
				<string>$(TEST_HOST)</string>
				<key>FRAMEWORK_SEARCH_PATHS</key>
				<array>
					<string>$(SDKROOT)/Developer/Library/Frameworks</string>
					<string>$(inherited)</string>
				</array>
				<key>INFOPLIST_FILE</key>
				<string>PencilsTests/Info.plist</string>
				<key>LD_RUNPATH_SEARCH_PATHS</key>
				<string>$(inherited) @executable_path/Frameworks @loader_path/Frameworks</string>
				<key>PRODUCT_NAME</key>
				<string>$(TARGET_NAME)</string>
				<key>TEST_HOST</key>
				<string>$(BUILT_PRODUCTS_DIR)/Pencils.app/Pencils</string>
			</dict>
			<key>isa</key>
			<string>XCBuildConfiguration</string>
			<key>name</key>
			<string>Release</string>
		</dict>
		<key>736A890B1AA8A9E30035631A</key>
		<dict>
			<key>children</key>
			<array>
				<string>736A89911AA8CB190035631A</string>
				<string>736A89921AA8CB190035631A</string>
				<string>736A89931AA8CB190035631A</string>
				<string>736A89941AA8CB190035631A</string>
				<string>736A89951AA8CB190035631A</string>
				<string>736A89961AA8CB190035631A</string>
			</array>
			<key>isa</key>
			<string>PBXGroup</string>
			<key>name</key>
			<string>Data Models</string>
			<key>sourceTree</key>
			<string>&lt;group&gt;</string>
		</dict>
		<key>736A890C1AA8A9EA0035631A</key>
		<dict>
			<key>children</key>
			<array>
				<string>736A89241AA8AF480035631A</string>
			</array>
			<key>isa</key>
			<string>PBXGroup</string>
			<key>name</key>
			<string>Views</string>
			<key>sourceTree</key>
			<string>&lt;group&gt;</string>
		</dict>
		<key>736A890D1AA8A9EF0035631A</key>
		<dict>
			<key>children</key>
			<array>
				<string>736A89441AA8B4190035631A</string>
				<string>736A892F1AA8AFC90035631A</string>
				<string>736A89131AA8AA380035631A</string>
				<string>736A89701AA8B6530035631A</string>
				<string>736A897C1AA8B95E0035631A</string>
				<string>736A89821AA8B9BC0035631A</string>
				<string>736A89831AA8B9BC0035631A</string>
				<string>736A89841AA8B9BC0035631A</string>
			</array>
			<key>isa</key>
			<string>PBXGroup</string>
			<key>name</key>
			<string>Controllers</string>
			<key>sourceTree</key>
			<string>&lt;group&gt;</string>
		</dict>
		<key>736A890E1AA8AA2A0035631A</key>
		<dict>
			<key>fileEncoding</key>
			<string>4</string>
			<key>isa</key>
			<string>PBXFileReference</string>
			<key>lastKnownFileType</key>
			<string>sourcecode.c.h</string>
			<key>name</key>
			<string>LoginViewController.h</string>
			<key>path</key>
			<string>View Controllers/Login and Signup/LoginViewController.h</string>
			<key>sourceTree</key>
			<string>&lt;group&gt;</string>
		</dict>
		<key>736A890F1AA8AA2A0035631A</key>
		<dict>
			<key>fileEncoding</key>
			<string>4</string>
			<key>isa</key>
			<string>PBXFileReference</string>
			<key>lastKnownFileType</key>
			<string>sourcecode.c.objc</string>
			<key>name</key>
			<string>LoginViewController.m</string>
			<key>path</key>
			<string>View Controllers/Login and Signup/LoginViewController.m</string>
			<key>sourceTree</key>
			<string>&lt;group&gt;</string>
		</dict>
		<key>736A89101AA8AA2A0035631A</key>
		<dict>
			<key>fileEncoding</key>
			<string>4</string>
			<key>isa</key>
			<string>PBXFileReference</string>
			<key>lastKnownFileType</key>
			<string>file.xib</string>
			<key>name</key>
			<string>LoginViewController.xib</string>
			<key>path</key>
			<string>View Controllers/Login and Signup/LoginViewController.xib</string>
			<key>sourceTree</key>
			<string>&lt;group&gt;</string>
		</dict>
		<key>736A89111AA8AA2A0035631A</key>
		<dict>
			<key>fileRef</key>
			<string>736A890F1AA8AA2A0035631A</string>
			<key>isa</key>
			<string>PBXBuildFile</string>
		</dict>
		<key>736A89121AA8AA2A0035631A</key>
		<dict>
			<key>fileRef</key>
			<string>736A89101AA8AA2A0035631A</string>
			<key>isa</key>
			<string>PBXBuildFile</string>
		</dict>
		<key>736A89131AA8AA380035631A</key>
		<dict>
			<key>children</key>
			<array>
				<string>736A890E1AA8AA2A0035631A</string>
				<string>736A890F1AA8AA2A0035631A</string>
				<string>736A89101AA8AA2A0035631A</string>
				<string>736A89141AA8AA570035631A</string>
				<string>736A89151AA8AA570035631A</string>
				<string>736A89161AA8AA570035631A</string>
			</array>
			<key>isa</key>
			<string>PBXGroup</string>
			<key>name</key>
			<string>Login and Signup</string>
			<key>sourceTree</key>
			<string>&lt;group&gt;</string>
		</dict>
		<key>736A89141AA8AA570035631A</key>
		<dict>
			<key>fileEncoding</key>
			<string>4</string>
			<key>isa</key>
			<string>PBXFileReference</string>
			<key>lastKnownFileType</key>
			<string>sourcecode.c.h</string>
			<key>name</key>
			<string>SignupViewController.h</string>
			<key>path</key>
			<string>View Controllers/Login and Signup/SignupViewController.h</string>
			<key>sourceTree</key>
			<string>&lt;group&gt;</string>
		</dict>
		<key>736A89151AA8AA570035631A</key>
		<dict>
			<key>fileEncoding</key>
			<string>4</string>
			<key>isa</key>
			<string>PBXFileReference</string>
			<key>lastKnownFileType</key>
			<string>sourcecode.c.objc</string>
			<key>name</key>
			<string>SignupViewController.m</string>
			<key>path</key>
			<string>View Controllers/Login and Signup/SignupViewController.m</string>
			<key>sourceTree</key>
			<string>&lt;group&gt;</string>
		</dict>
		<key>736A89161AA8AA570035631A</key>
		<dict>
			<key>fileEncoding</key>
			<string>4</string>
			<key>isa</key>
			<string>PBXFileReference</string>
			<key>lastKnownFileType</key>
			<string>file.xib</string>
			<key>name</key>
			<string>SignupViewController.xib</string>
			<key>path</key>
			<string>View Controllers/Login and Signup/SignupViewController.xib</string>
			<key>sourceTree</key>
			<string>&lt;group&gt;</string>
		</dict>
		<key>736A89171AA8AA570035631A</key>
		<dict>
			<key>fileRef</key>
			<string>736A89151AA8AA570035631A</string>
			<key>isa</key>
			<string>PBXBuildFile</string>
		</dict>
		<key>736A89181AA8AA570035631A</key>
		<dict>
			<key>fileRef</key>
			<string>736A89161AA8AA570035631A</string>
			<key>isa</key>
			<string>PBXBuildFile</string>
		</dict>
		<key>736A89211AA8ACC50035631A</key>
		<dict>
			<key>children</key>
			<array>
				<string>736A89221AA8AD010035631A</string>
			</array>
			<key>isa</key>
			<string>PBXGroup</string>
			<key>name</key>
			<string>Models</string>
			<key>sourceTree</key>
			<string>&lt;group&gt;</string>
		</dict>
		<key>736A89221AA8AD010035631A</key>
		<dict>
			<key>fileEncoding</key>
			<string>4</string>
			<key>isa</key>
			<string>PBXFileReference</string>
			<key>lastKnownFileType</key>
			<string>sourcecode.c.objc</string>
			<key>name</key>
			<string>UserTest.m</string>
			<key>path</key>
			<string>Models/UserTest.m</string>
			<key>sourceTree</key>
			<string>&lt;group&gt;</string>
		</dict>
		<key>736A89231AA8AD010035631A</key>
		<dict>
			<key>fileRef</key>
			<string>736A89221AA8AD010035631A</string>
			<key>isa</key>
			<string>PBXBuildFile</string>
		</dict>
		<key>736A89241AA8AF480035631A</key>
		<dict>
			<key>children</key>
			<array>
				<string>736A89251AA8AF7C0035631A</string>
				<string>736A89261AA8AF7C0035631A</string>
				<string>736A89271AA8AF7C0035631A</string>
				<string>8F1E33641AA915DA001C7A56</string>
				<string>8F1E33651AA915DA001C7A56</string>
				<string>8F1E33661AA915DA001C7A56</string>
				<string>736A89611AA8B5DF0035631A</string>
				<string>736A89621AA8B5DF0035631A</string>
				<string>736A89631AA8B5DF0035631A</string>
				<string>736A89661AA8B6080035631A</string>
				<string>736A89671AA8B6080035631A</string>
				<string>736A89681AA8B6080035631A</string>
				<string>736A892A1AA8AFC20035631A</string>
				<string>736A892B1AA8AFC20035631A</string>
				<string>736A892C1AA8AFC20035631A</string>
			</array>
			<key>isa</key>
			<string>PBXGroup</string>
			<key>name</key>
			<string>Common</string>
			<key>sourceTree</key>
			<string>&lt;group&gt;</string>
		</dict>
		<key>736A89251AA8AF7C0035631A</key>
		<dict>
			<key>fileEncoding</key>
			<string>4</string>
			<key>isa</key>
			<string>PBXFileReference</string>
			<key>lastKnownFileType</key>
			<string>sourcecode.c.h</string>
			<key>name</key>
			<string>CourseTableViewCell.h</string>
			<key>path</key>
			<string>Views/Common/CourseTableViewCell.h</string>
			<key>sourceTree</key>
			<string>&lt;group&gt;</string>
		</dict>
		<key>736A89261AA8AF7C0035631A</key>
		<dict>
			<key>fileEncoding</key>
			<string>4</string>
			<key>isa</key>
			<string>PBXFileReference</string>
			<key>lastKnownFileType</key>
			<string>sourcecode.c.objc</string>
			<key>name</key>
			<string>CourseTableViewCell.m</string>
			<key>path</key>
			<string>Views/Common/CourseTableViewCell.m</string>
			<key>sourceTree</key>
			<string>&lt;group&gt;</string>
		</dict>
		<key>736A89271AA8AF7C0035631A</key>
		<dict>
			<key>fileEncoding</key>
			<string>4</string>
			<key>isa</key>
			<string>PBXFileReference</string>
			<key>lastKnownFileType</key>
			<string>file.xib</string>
			<key>name</key>
			<string>CourseTableViewCell.xib</string>
			<key>path</key>
			<string>Views/Common/CourseTableViewCell.xib</string>
			<key>sourceTree</key>
			<string>&lt;group&gt;</string>
		</dict>
		<key>736A89281AA8AF7C0035631A</key>
		<dict>
			<key>fileRef</key>
			<string>736A89261AA8AF7C0035631A</string>
			<key>isa</key>
			<string>PBXBuildFile</string>
		</dict>
		<key>736A89291AA8AF7C0035631A</key>
		<dict>
			<key>fileRef</key>
			<string>736A89271AA8AF7C0035631A</string>
			<key>isa</key>
			<string>PBXBuildFile</string>
		</dict>
		<key>736A892A1AA8AFC20035631A</key>
		<dict>
			<key>fileEncoding</key>
			<string>4</string>
			<key>isa</key>
			<string>PBXFileReference</string>
			<key>lastKnownFileType</key>
			<string>sourcecode.c.h</string>
			<key>name</key>
			<string>TeacherTableViewCell.h</string>
			<key>path</key>
			<string>Views/Common/TeacherTableViewCell.h</string>
			<key>sourceTree</key>
			<string>&lt;group&gt;</string>
		</dict>
		<key>736A892B1AA8AFC20035631A</key>
		<dict>
			<key>fileEncoding</key>
			<string>4</string>
			<key>isa</key>
			<string>PBXFileReference</string>
			<key>lastKnownFileType</key>
			<string>sourcecode.c.objc</string>
			<key>name</key>
			<string>TeacherTableViewCell.m</string>
			<key>path</key>
			<string>Views/Common/TeacherTableViewCell.m</string>
			<key>sourceTree</key>
			<string>&lt;group&gt;</string>
		</dict>
		<key>736A892C1AA8AFC20035631A</key>
		<dict>
			<key>fileEncoding</key>
			<string>4</string>
			<key>isa</key>
			<string>PBXFileReference</string>
			<key>lastKnownFileType</key>
			<string>file.xib</string>
			<key>name</key>
			<string>TeacherTableViewCell.xib</string>
			<key>path</key>
			<string>Views/Common/TeacherTableViewCell.xib</string>
			<key>sourceTree</key>
			<string>&lt;group&gt;</string>
		</dict>
		<key>736A892D1AA8AFC20035631A</key>
		<dict>
			<key>fileRef</key>
			<string>736A892B1AA8AFC20035631A</string>
			<key>isa</key>
			<string>PBXBuildFile</string>
		</dict>
		<key>736A892E1AA8AFC20035631A</key>
		<dict>
			<key>fileRef</key>
			<string>736A892C1AA8AFC20035631A</string>
			<key>isa</key>
			<string>PBXBuildFile</string>
		</dict>
		<key>736A892F1AA8AFC90035631A</key>
		<dict>
			<key>children</key>
			<array>
				<string>736A89301AA8B0070035631A</string>
				<string>736A89311AA8B0070035631A</string>
				<string>736A89321AA8B0070035631A</string>
				<string>736A89351AA8B0250035631A</string>
				<string>736A89361AA8B0250035631A</string>
				<string>736A89371AA8B0250035631A</string>
			</array>
			<key>isa</key>
			<string>PBXGroup</string>
			<key>name</key>
			<string>Home</string>
			<key>sourceTree</key>
			<string>&lt;group&gt;</string>
		</dict>
		<key>736A89301AA8B0070035631A</key>
		<dict>
			<key>fileEncoding</key>
			<string>4</string>
			<key>isa</key>
			<string>PBXFileReference</string>
			<key>lastKnownFileType</key>
			<string>sourcecode.c.h</string>
			<key>name</key>
			<string>HomeViewController.h</string>
			<key>path</key>
			<string>View Controllers/Home/HomeViewController.h</string>
			<key>sourceTree</key>
			<string>&lt;group&gt;</string>
		</dict>
		<key>736A89311AA8B0070035631A</key>
		<dict>
			<key>fileEncoding</key>
			<string>4</string>
			<key>isa</key>
			<string>PBXFileReference</string>
			<key>lastKnownFileType</key>
			<string>sourcecode.c.objc</string>
			<key>name</key>
			<string>HomeViewController.m</string>
			<key>path</key>
			<string>View Controllers/Home/HomeViewController.m</string>
			<key>sourceTree</key>
			<string>&lt;group&gt;</string>
		</dict>
		<key>736A89321AA8B0070035631A</key>
		<dict>
			<key>fileEncoding</key>
			<string>4</string>
			<key>isa</key>
			<string>PBXFileReference</string>
			<key>lastKnownFileType</key>
			<string>file.xib</string>
			<key>name</key>
			<string>HomeViewController.xib</string>
			<key>path</key>
			<string>View Controllers/Home/HomeViewController.xib</string>
			<key>sourceTree</key>
			<string>&lt;group&gt;</string>
		</dict>
		<key>736A89331AA8B0070035631A</key>
		<dict>
			<key>fileRef</key>
			<string>736A89311AA8B0070035631A</string>
			<key>isa</key>
			<string>PBXBuildFile</string>
		</dict>
		<key>736A89341AA8B0070035631A</key>
		<dict>
			<key>fileRef</key>
			<string>736A89321AA8B0070035631A</string>
			<key>isa</key>
			<string>PBXBuildFile</string>
		</dict>
		<key>736A89351AA8B0250035631A</key>
		<dict>
			<key>fileEncoding</key>
			<string>4</string>
			<key>isa</key>
			<string>PBXFileReference</string>
			<key>lastKnownFileType</key>
			<string>sourcecode.c.h</string>
			<key>name</key>
			<string>RequestsTableViewCell.h</string>
			<key>path</key>
			<string>View Controllers/Home/RequestsTableViewCell.h</string>
			<key>sourceTree</key>
			<string>&lt;group&gt;</string>
		</dict>
		<key>736A89361AA8B0250035631A</key>
		<dict>
			<key>fileEncoding</key>
			<string>4</string>
			<key>isa</key>
			<string>PBXFileReference</string>
			<key>lastKnownFileType</key>
			<string>sourcecode.c.objc</string>
			<key>name</key>
			<string>RequestsTableViewCell.m</string>
			<key>path</key>
			<string>View Controllers/Home/RequestsTableViewCell.m</string>
			<key>sourceTree</key>
			<string>&lt;group&gt;</string>
		</dict>
		<key>736A89371AA8B0250035631A</key>
		<dict>
			<key>fileEncoding</key>
			<string>4</string>
			<key>isa</key>
			<string>PBXFileReference</string>
			<key>lastKnownFileType</key>
			<string>file.xib</string>
			<key>name</key>
			<string>RequestsTableViewCell.xib</string>
			<key>path</key>
			<string>View Controllers/Home/RequestsTableViewCell.xib</string>
			<key>sourceTree</key>
			<string>&lt;group&gt;</string>
		</dict>
		<key>736A89381AA8B0250035631A</key>
		<dict>
			<key>fileRef</key>
			<string>736A89361AA8B0250035631A</string>
			<key>isa</key>
			<string>PBXBuildFile</string>
		</dict>
		<key>736A89391AA8B0250035631A</key>
		<dict>
			<key>fileRef</key>
			<string>736A89371AA8B0250035631A</string>
			<key>isa</key>
			<string>PBXBuildFile</string>
		</dict>
		<key>736A893D1AA8B0820035631A</key>
		<dict>
			<key>children</key>
			<array>
				<string>736A893E1AA8B0AD0035631A</string>
				<string>736A893F1AA8B0AD0035631A</string>
			</array>
			<key>isa</key>
			<string>PBXGroup</string>
			<key>name</key>
			<string>Utilities</string>
			<key>sourceTree</key>
			<string>&lt;group&gt;</string>
		</dict>
		<key>736A893E1AA8B0AD0035631A</key>
		<dict>
			<key>fileEncoding</key>
			<string>4</string>
			<key>isa</key>
			<string>PBXFileReference</string>
			<key>lastKnownFileType</key>
			<string>sourcecode.c.h</string>
			<key>name</key>
			<string>NavigationUtility.h</string>
			<key>path</key>
			<string>Utilities/NavigationUtility.h</string>
			<key>sourceTree</key>
			<string>&lt;group&gt;</string>
		</dict>
		<key>736A893F1AA8B0AD0035631A</key>
		<dict>
			<key>fileEncoding</key>
			<string>4</string>
			<key>isa</key>
			<string>PBXFileReference</string>
			<key>lastKnownFileType</key>
			<string>sourcecode.c.objc</string>
			<key>name</key>
			<string>NavigationUtility.m</string>
			<key>path</key>
			<string>Utilities/NavigationUtility.m</string>
			<key>sourceTree</key>
			<string>&lt;group&gt;</string>
		</dict>
		<key>736A89401AA8B0AD0035631A</key>
		<dict>
			<key>fileRef</key>
			<string>736A893F1AA8B0AD0035631A</string>
			<key>isa</key>
			<string>PBXBuildFile</string>
		</dict>
		<key>736A89441AA8B4190035631A</key>
		<dict>
			<key>children</key>
			<array>
				<string>736A89451AA8B4300035631A</string>
				<string>736A89461AA8B4300035631A</string>
				<string>736A89471AA8B4300035631A</string>
				<string>736A894A1AA8B4480035631A</string>
				<string>736A894B1AA8B4480035631A</string>
				<string>736A894C1AA8B4480035631A</string>
				<string>736A896B1AA8B6340035631A</string>
				<string>736A896C1AA8B6340035631A</string>
				<string>736A896D1AA8B6340035631A</string>
				<string>736A894F1AA8B4880035631A</string>
				<string>736A89501AA8B4880035631A</string>
				<string>736A89511AA8B4880035631A</string>
				<string>736A89591AA8B4D80035631A</string>
				<string>736A895A1AA8B4D80035631A</string>
				<string>736A895B1AA8B4D80035631A</string>
				<string>736A89541AA8B4BD0035631A</string>
				<string>736A89551AA8B4BD0035631A</string>
				<string>736A89561AA8B4BD0035631A</string>
			</array>
			<key>isa</key>
			<string>PBXGroup</string>
			<key>name</key>
			<string>Courses</string>
			<key>sourceTree</key>
			<string>&lt;group&gt;</string>
		</dict>
		<key>736A89451AA8B4300035631A</key>
		<dict>
			<key>fileEncoding</key>
			<string>4</string>
			<key>isa</key>
			<string>PBXFileReference</string>
			<key>lastKnownFileType</key>
			<string>sourcecode.c.h</string>
			<key>name</key>
			<string>CoursesViewController.h</string>
			<key>path</key>
			<string>View Controllers/Courses/CoursesViewController.h</string>
			<key>sourceTree</key>
			<string>&lt;group&gt;</string>
		</dict>
		<key>736A89461AA8B4300035631A</key>
		<dict>
			<key>fileEncoding</key>
			<string>4</string>
			<key>isa</key>
			<string>PBXFileReference</string>
			<key>lastKnownFileType</key>
			<string>sourcecode.c.objc</string>
			<key>name</key>
			<string>CoursesViewController.m</string>
			<key>path</key>
			<string>View Controllers/Courses/CoursesViewController.m</string>
			<key>sourceTree</key>
			<string>&lt;group&gt;</string>
		</dict>
		<key>736A89471AA8B4300035631A</key>
		<dict>
			<key>fileEncoding</key>
			<string>4</string>
			<key>isa</key>
			<string>PBXFileReference</string>
			<key>lastKnownFileType</key>
			<string>file.xib</string>
			<key>name</key>
			<string>CoursesViewController.xib</string>
			<key>path</key>
			<string>View Controllers/Courses/CoursesViewController.xib</string>
			<key>sourceTree</key>
			<string>&lt;group&gt;</string>
		</dict>
		<key>736A89481AA8B4300035631A</key>
		<dict>
			<key>fileRef</key>
			<string>736A89461AA8B4300035631A</string>
			<key>isa</key>
			<string>PBXBuildFile</string>
		</dict>
		<key>736A89491AA8B4300035631A</key>
		<dict>
			<key>fileRef</key>
			<string>736A89471AA8B4300035631A</string>
			<key>isa</key>
			<string>PBXBuildFile</string>
		</dict>
		<key>736A894A1AA8B4480035631A</key>
		<dict>
			<key>fileEncoding</key>
			<string>4</string>
			<key>isa</key>
			<string>PBXFileReference</string>
			<key>lastKnownFileType</key>
			<string>sourcecode.c.h</string>
			<key>name</key>
			<string>CreateCourseViewController.h</string>
			<key>path</key>
			<string>View Controllers/Courses/CreateCourseViewController.h</string>
			<key>sourceTree</key>
			<string>&lt;group&gt;</string>
		</dict>
		<key>736A894B1AA8B4480035631A</key>
		<dict>
			<key>fileEncoding</key>
			<string>4</string>
			<key>isa</key>
			<string>PBXFileReference</string>
			<key>lastKnownFileType</key>
			<string>sourcecode.c.objc</string>
			<key>name</key>
			<string>CreateCourseViewController.m</string>
			<key>path</key>
			<string>View Controllers/Courses/CreateCourseViewController.m</string>
			<key>sourceTree</key>
			<string>&lt;group&gt;</string>
		</dict>
		<key>736A894C1AA8B4480035631A</key>
		<dict>
			<key>fileEncoding</key>
			<string>4</string>
			<key>isa</key>
			<string>PBXFileReference</string>
			<key>lastKnownFileType</key>
			<string>file.xib</string>
			<key>name</key>
			<string>CreateCourseViewController.xib</string>
			<key>path</key>
			<string>View Controllers/Courses/CreateCourseViewController.xib</string>
			<key>sourceTree</key>
			<string>&lt;group&gt;</string>
		</dict>
		<key>736A894D1AA8B4480035631A</key>
		<dict>
			<key>fileRef</key>
			<string>736A894B1AA8B4480035631A</string>
			<key>isa</key>
			<string>PBXBuildFile</string>
		</dict>
		<key>736A894E1AA8B4480035631A</key>
		<dict>
			<key>fileRef</key>
			<string>736A894C1AA8B4480035631A</string>
			<key>isa</key>
			<string>PBXBuildFile</string>
		</dict>
		<key>736A894F1AA8B4880035631A</key>
		<dict>
			<key>fileEncoding</key>
			<string>4</string>
			<key>isa</key>
			<string>PBXFileReference</string>
			<key>lastKnownFileType</key>
			<string>sourcecode.c.h</string>
			<key>name</key>
			<string>GlobalCourseViewController.h</string>
			<key>path</key>
			<string>View Controllers/Courses/GlobalCourseViewController.h</string>
			<key>sourceTree</key>
			<string>&lt;group&gt;</string>
		</dict>
		<key>736A89501AA8B4880035631A</key>
		<dict>
			<key>fileEncoding</key>
			<string>4</string>
			<key>isa</key>
			<string>PBXFileReference</string>
			<key>lastKnownFileType</key>
			<string>sourcecode.c.objc</string>
			<key>name</key>
			<string>GlobalCourseViewController.m</string>
			<key>path</key>
			<string>View Controllers/Courses/GlobalCourseViewController.m</string>
			<key>sourceTree</key>
			<string>&lt;group&gt;</string>
		</dict>
		<key>736A89511AA8B4880035631A</key>
		<dict>
			<key>fileEncoding</key>
			<string>4</string>
			<key>isa</key>
			<string>PBXFileReference</string>
			<key>lastKnownFileType</key>
			<string>file.xib</string>
			<key>name</key>
			<string>GlobalCourseViewController.xib</string>
			<key>path</key>
			<string>View Controllers/Courses/GlobalCourseViewController.xib</string>
			<key>sourceTree</key>
			<string>&lt;group&gt;</string>
		</dict>
		<key>736A89521AA8B4880035631A</key>
		<dict>
			<key>fileRef</key>
			<string>736A89501AA8B4880035631A</string>
			<key>isa</key>
			<string>PBXBuildFile</string>
		</dict>
		<key>736A89531AA8B4880035631A</key>
		<dict>
			<key>fileRef</key>
			<string>736A89511AA8B4880035631A</string>
			<key>isa</key>
			<string>PBXBuildFile</string>
		</dict>
		<key>736A89541AA8B4BD0035631A</key>
		<dict>
			<key>fileEncoding</key>
			<string>4</string>
			<key>isa</key>
			<string>PBXFileReference</string>
			<key>lastKnownFileType</key>
			<string>sourcecode.c.h</string>
			<key>name</key>
			<string>TeacherCourseViewController.h</string>
			<key>path</key>
			<string>View Controllers/Courses/TeacherCourseViewController.h</string>
			<key>sourceTree</key>
			<string>&lt;group&gt;</string>
		</dict>
		<key>736A89551AA8B4BD0035631A</key>
		<dict>
			<key>fileEncoding</key>
			<string>4</string>
			<key>isa</key>
			<string>PBXFileReference</string>
			<key>lastKnownFileType</key>
			<string>sourcecode.c.objc</string>
			<key>name</key>
			<string>TeacherCourseViewController.m</string>
			<key>path</key>
			<string>View Controllers/Courses/TeacherCourseViewController.m</string>
			<key>sourceTree</key>
			<string>&lt;group&gt;</string>
		</dict>
		<key>736A89561AA8B4BD0035631A</key>
		<dict>
			<key>fileEncoding</key>
			<string>4</string>
			<key>isa</key>
			<string>PBXFileReference</string>
			<key>lastKnownFileType</key>
			<string>file.xib</string>
			<key>name</key>
			<string>TeacherCourseViewController.xib</string>
			<key>path</key>
			<string>View Controllers/Courses/TeacherCourseViewController.xib</string>
			<key>sourceTree</key>
			<string>&lt;group&gt;</string>
		</dict>
		<key>736A89571AA8B4BD0035631A</key>
		<dict>
			<key>fileRef</key>
			<string>736A89551AA8B4BD0035631A</string>
			<key>isa</key>
			<string>PBXBuildFile</string>
		</dict>
		<key>736A89581AA8B4BD0035631A</key>
		<dict>
			<key>fileRef</key>
			<string>736A89561AA8B4BD0035631A</string>
			<key>isa</key>
			<string>PBXBuildFile</string>
		</dict>
		<key>736A89591AA8B4D80035631A</key>
		<dict>
			<key>fileEncoding</key>
			<string>4</string>
			<key>isa</key>
			<string>PBXFileReference</string>
			<key>lastKnownFileType</key>
			<string>sourcecode.c.h</string>
			<key>name</key>
			<string>TeachACourseViewController.h</string>
			<key>path</key>
			<string>View Controllers/Courses/TeachACourseViewController.h</string>
			<key>sourceTree</key>
			<string>&lt;group&gt;</string>
		</dict>
		<key>736A895A1AA8B4D80035631A</key>
		<dict>
			<key>fileEncoding</key>
			<string>4</string>
			<key>isa</key>
			<string>PBXFileReference</string>
			<key>lastKnownFileType</key>
			<string>sourcecode.c.objc</string>
			<key>name</key>
			<string>TeachACourseViewController.m</string>
			<key>path</key>
			<string>View Controllers/Courses/TeachACourseViewController.m</string>
			<key>sourceTree</key>
			<string>&lt;group&gt;</string>
		</dict>
		<key>736A895B1AA8B4D80035631A</key>
		<dict>
			<key>fileEncoding</key>
			<string>4</string>
			<key>isa</key>
			<string>PBXFileReference</string>
			<key>lastKnownFileType</key>
			<string>file.xib</string>
			<key>name</key>
			<string>TeachACourseViewController.xib</string>
			<key>path</key>
			<string>View Controllers/Courses/TeachACourseViewController.xib</string>
			<key>sourceTree</key>
			<string>&lt;group&gt;</string>
		</dict>
		<key>736A895C1AA8B4D80035631A</key>
		<dict>
			<key>fileRef</key>
			<string>736A895A1AA8B4D80035631A</string>
			<key>isa</key>
			<string>PBXBuildFile</string>
		</dict>
		<key>736A895D1AA8B4D80035631A</key>
		<dict>
			<key>fileRef</key>
			<string>736A895B1AA8B4D80035631A</string>
			<key>isa</key>
			<string>PBXBuildFile</string>
		</dict>
		<key>736A89611AA8B5DF0035631A</key>
		<dict>
			<key>fileEncoding</key>
			<string>4</string>
			<key>isa</key>
			<string>PBXFileReference</string>
			<key>lastKnownFileType</key>
			<string>sourcecode.c.h</string>
			<key>name</key>
			<string>MaterialTableViewCell.h</string>
			<key>path</key>
			<string>Views/Common/MaterialTableViewCell.h</string>
			<key>sourceTree</key>
			<string>&lt;group&gt;</string>
		</dict>
		<key>736A89621AA8B5DF0035631A</key>
		<dict>
			<key>fileEncoding</key>
			<string>4</string>
			<key>isa</key>
			<string>PBXFileReference</string>
			<key>lastKnownFileType</key>
			<string>sourcecode.c.objc</string>
			<key>name</key>
			<string>MaterialTableViewCell.m</string>
			<key>path</key>
			<string>Views/Common/MaterialTableViewCell.m</string>
			<key>sourceTree</key>
			<string>&lt;group&gt;</string>
		</dict>
		<key>736A89631AA8B5DF0035631A</key>
		<dict>
			<key>fileEncoding</key>
			<string>4</string>
			<key>isa</key>
			<string>PBXFileReference</string>
			<key>lastKnownFileType</key>
			<string>file.xib</string>
			<key>name</key>
			<string>MaterialTableViewCell.xib</string>
			<key>path</key>
			<string>Views/Common/MaterialTableViewCell.xib</string>
			<key>sourceTree</key>
			<string>&lt;group&gt;</string>
		</dict>
		<key>736A89641AA8B5DF0035631A</key>
		<dict>
			<key>fileRef</key>
			<string>736A89621AA8B5DF0035631A</string>
			<key>isa</key>
			<string>PBXBuildFile</string>
		</dict>
		<key>736A89651AA8B5DF0035631A</key>
		<dict>
			<key>fileRef</key>
			<string>736A89631AA8B5DF0035631A</string>
			<key>isa</key>
			<string>PBXBuildFile</string>
		</dict>
		<key>736A89661AA8B6080035631A</key>
		<dict>
			<key>fileEncoding</key>
			<string>4</string>
			<key>isa</key>
			<string>PBXFileReference</string>
			<key>lastKnownFileType</key>
			<string>sourcecode.c.h</string>
			<key>name</key>
			<string>SearchTableViewCell.h</string>
			<key>path</key>
			<string>Views/Common/SearchTableViewCell.h</string>
			<key>sourceTree</key>
			<string>&lt;group&gt;</string>
		</dict>
		<key>736A89671AA8B6080035631A</key>
		<dict>
			<key>fileEncoding</key>
			<string>4</string>
			<key>isa</key>
			<string>PBXFileReference</string>
			<key>lastKnownFileType</key>
			<string>sourcecode.c.objc</string>
			<key>name</key>
			<string>SearchTableViewCell.m</string>
			<key>path</key>
			<string>Views/Common/SearchTableViewCell.m</string>
			<key>sourceTree</key>
			<string>&lt;group&gt;</string>
		</dict>
		<key>736A89681AA8B6080035631A</key>
		<dict>
			<key>fileEncoding</key>
			<string>4</string>
			<key>isa</key>
			<string>PBXFileReference</string>
			<key>lastKnownFileType</key>
			<string>file.xib</string>
			<key>name</key>
			<string>SearchTableViewCell.xib</string>
			<key>path</key>
			<string>Views/Common/SearchTableViewCell.xib</string>
			<key>sourceTree</key>
			<string>&lt;group&gt;</string>
		</dict>
		<key>736A89691AA8B6080035631A</key>
		<dict>
			<key>fileRef</key>
			<string>736A89671AA8B6080035631A</string>
			<key>isa</key>
			<string>PBXBuildFile</string>
		</dict>
		<key>736A896A1AA8B6080035631A</key>
		<dict>
			<key>fileRef</key>
			<string>736A89681AA8B6080035631A</string>
			<key>isa</key>
			<string>PBXBuildFile</string>
		</dict>
		<key>736A896B1AA8B6340035631A</key>
		<dict>
			<key>fileEncoding</key>
			<string>4</string>
			<key>isa</key>
			<string>PBXFileReference</string>
			<key>lastKnownFileType</key>
			<string>sourcecode.c.h</string>
			<key>name</key>
			<string>EditCourseViewController.h</string>
			<key>path</key>
			<string>View Controllers/Courses/EditCourseViewController.h</string>
			<key>sourceTree</key>
			<string>&lt;group&gt;</string>
		</dict>
		<key>736A896C1AA8B6340035631A</key>
		<dict>
			<key>fileEncoding</key>
			<string>4</string>
			<key>isa</key>
			<string>PBXFileReference</string>
			<key>lastKnownFileType</key>
			<string>sourcecode.c.objc</string>
			<key>name</key>
			<string>EditCourseViewController.m</string>
			<key>path</key>
			<string>View Controllers/Courses/EditCourseViewController.m</string>
			<key>sourceTree</key>
			<string>&lt;group&gt;</string>
		</dict>
		<key>736A896D1AA8B6340035631A</key>
		<dict>
			<key>fileEncoding</key>
			<string>4</string>
			<key>isa</key>
			<string>PBXFileReference</string>
			<key>lastKnownFileType</key>
			<string>file.xib</string>
			<key>name</key>
			<string>EditCourseViewController.xib</string>
			<key>path</key>
			<string>View Controllers/Courses/EditCourseViewController.xib</string>
			<key>sourceTree</key>
			<string>&lt;group&gt;</string>
		</dict>
		<key>736A896E1AA8B6340035631A</key>
		<dict>
			<key>fileRef</key>
			<string>736A896C1AA8B6340035631A</string>
			<key>isa</key>
			<string>PBXBuildFile</string>
		</dict>
		<key>736A896F1AA8B6340035631A</key>
		<dict>
			<key>fileRef</key>
			<string>736A896D1AA8B6340035631A</string>
			<key>isa</key>
			<string>PBXBuildFile</string>
		</dict>
		<key>736A89701AA8B6530035631A</key>
		<dict>
			<key>children</key>
			<array>
				<string>736A89771AA8B6DE0035631A</string>
				<string>736A89781AA8B6DE0035631A</string>
				<string>736A89791AA8B6DE0035631A</string>
			</array>
			<key>isa</key>
			<string>PBXGroup</string>
			<key>name</key>
			<string>Materials</string>
			<key>sourceTree</key>
			<string>&lt;group&gt;</string>
		</dict>
		<key>736A89771AA8B6DE0035631A</key>
		<dict>
			<key>fileEncoding</key>
			<string>4</string>
			<key>isa</key>
			<string>PBXFileReference</string>
			<key>lastKnownFileType</key>
			<string>sourcecode.c.h</string>
			<key>name</key>
			<string>ViewMaterialViewController.h</string>
			<key>path</key>
			<string>View Controllers/Materials/ViewMaterialViewController.h</string>
			<key>sourceTree</key>
			<string>&lt;group&gt;</string>
		</dict>
		<key>736A89781AA8B6DE0035631A</key>
		<dict>
			<key>fileEncoding</key>
			<string>4</string>
			<key>isa</key>
			<string>PBXFileReference</string>
			<key>lastKnownFileType</key>
			<string>sourcecode.c.objc</string>
			<key>name</key>
			<string>ViewMaterialViewController.m</string>
			<key>path</key>
			<string>View Controllers/Materials/ViewMaterialViewController.m</string>
			<key>sourceTree</key>
			<string>&lt;group&gt;</string>
		</dict>
		<key>736A89791AA8B6DE0035631A</key>
		<dict>
			<key>fileEncoding</key>
			<string>4</string>
			<key>isa</key>
			<string>PBXFileReference</string>
			<key>lastKnownFileType</key>
			<string>file.xib</string>
			<key>name</key>
			<string>ViewMaterialViewController.xib</string>
			<key>path</key>
			<string>View Controllers/Materials/ViewMaterialViewController.xib</string>
			<key>sourceTree</key>
			<string>&lt;group&gt;</string>
		</dict>
		<key>736A897A1AA8B6DE0035631A</key>
		<dict>
			<key>fileRef</key>
			<string>736A89781AA8B6DE0035631A</string>
			<key>isa</key>
			<string>PBXBuildFile</string>
		</dict>
		<key>736A897B1AA8B6DE0035631A</key>
		<dict>
			<key>fileRef</key>
			<string>736A89791AA8B6DE0035631A</string>
			<key>isa</key>
			<string>PBXBuildFile</string>
		</dict>
		<key>736A897C1AA8B95E0035631A</key>
		<dict>
			<key>children</key>
			<array>
				<string>736A897D1AA8B9760035631A</string>
				<string>736A897E1AA8B9760035631A</string>
				<string>736A897F1AA8B9760035631A</string>
			</array>
			<key>isa</key>
			<string>PBXGroup</string>
			<key>name</key>
			<string>Upload</string>
			<key>sourceTree</key>
			<string>&lt;group&gt;</string>
		</dict>
		<key>736A897D1AA8B9760035631A</key>
		<dict>
			<key>fileEncoding</key>
			<string>4</string>
			<key>isa</key>
			<string>PBXFileReference</string>
			<key>lastKnownFileType</key>
			<string>sourcecode.c.h</string>
			<key>name</key>
			<string>UploadViewController.h</string>
			<key>path</key>
			<string>View Controllers/Upload/UploadViewController.h</string>
			<key>sourceTree</key>
			<string>&lt;group&gt;</string>
		</dict>
		<key>736A897E1AA8B9760035631A</key>
		<dict>
			<key>fileEncoding</key>
			<string>4</string>
			<key>isa</key>
			<string>PBXFileReference</string>
			<key>lastKnownFileType</key>
			<string>sourcecode.c.objc</string>
			<key>name</key>
			<string>UploadViewController.m</string>
			<key>path</key>
			<string>View Controllers/Upload/UploadViewController.m</string>
			<key>sourceTree</key>
			<string>&lt;group&gt;</string>
		</dict>
		<key>736A897F1AA8B9760035631A</key>
		<dict>
			<key>fileEncoding</key>
			<string>4</string>
			<key>isa</key>
			<string>PBXFileReference</string>
			<key>lastKnownFileType</key>
			<string>file.xib</string>
			<key>name</key>
			<string>UploadViewController.xib</string>
			<key>path</key>
			<string>View Controllers/Upload/UploadViewController.xib</string>
			<key>sourceTree</key>
			<string>&lt;group&gt;</string>
		</dict>
		<key>736A89801AA8B9760035631A</key>
		<dict>
			<key>fileRef</key>
			<string>736A897E1AA8B9760035631A</string>
			<key>isa</key>
			<string>PBXBuildFile</string>
		</dict>
		<key>736A89811AA8B9760035631A</key>
		<dict>
			<key>fileRef</key>
			<string>736A897F1AA8B9760035631A</string>
			<key>isa</key>
			<string>PBXBuildFile</string>
		</dict>
		<key>736A89821AA8B9BC0035631A</key>
		<dict>
			<key>fileEncoding</key>
			<string>4</string>
			<key>isa</key>
			<string>PBXFileReference</string>
			<key>lastKnownFileType</key>
			<string>sourcecode.c.h</string>
			<key>name</key>
			<string>TabsViewController.h</string>
			<key>path</key>
			<string>View Controllers/TabsViewController.h</string>
			<key>sourceTree</key>
			<string>&lt;group&gt;</string>
		</dict>
		<key>736A89831AA8B9BC0035631A</key>
		<dict>
			<key>fileEncoding</key>
			<string>4</string>
			<key>isa</key>
			<string>PBXFileReference</string>
			<key>lastKnownFileType</key>
			<string>sourcecode.c.objc</string>
			<key>name</key>
			<string>TabsViewController.m</string>
			<key>path</key>
			<string>View Controllers/TabsViewController.m</string>
			<key>sourceTree</key>
			<string>&lt;group&gt;</string>
		</dict>
		<key>736A89841AA8B9BC0035631A</key>
		<dict>
			<key>fileEncoding</key>
			<string>4</string>
			<key>isa</key>
			<string>PBXFileReference</string>
			<key>lastKnownFileType</key>
			<string>file.xib</string>
			<key>name</key>
			<string>TabsViewController.xib</string>
			<key>path</key>
			<string>View Controllers/TabsViewController.xib</string>
			<key>sourceTree</key>
			<string>&lt;group&gt;</string>
		</dict>
		<key>736A89851AA8B9BC0035631A</key>
		<dict>
			<key>fileRef</key>
			<string>736A89831AA8B9BC0035631A</string>
			<key>isa</key>
			<string>PBXBuildFile</string>
		</dict>
		<key>736A89861AA8B9BC0035631A</key>
		<dict>
			<key>fileRef</key>
			<string>736A89841AA8B9BC0035631A</string>
			<key>isa</key>
			<string>PBXBuildFile</string>
		</dict>
		<key>736A89871AA8BB990035631A</key>
		<dict>
			<key>children</key>
			<array>
				<string>736A89881AA8BBCB0035631A</string>
				<string>736A89891AA8BBCB0035631A</string>
				<string>736A898B1AA8BCE80035631A</string>
				<string>736A898C1AA8BCE80035631A</string>
				<string>736A89971AA8CB190035631A</string>
				<string>736A89981AA8CB190035631A</string>
			</array>
			<key>isa</key>
			<string>PBXGroup</string>
			<key>name</key>
			<string>Data Managers</string>
			<key>sourceTree</key>
			<string>&lt;group&gt;</string>
		</dict>
		<key>736A89881AA8BBCB0035631A</key>
		<dict>
			<key>fileEncoding</key>
			<string>4</string>
			<key>isa</key>
			<string>PBXFileReference</string>
			<key>lastKnownFileType</key>
			<string>sourcecode.c.h</string>
			<key>name</key>
			<string>CourseManager.h</string>
			<key>path</key>
			<string>Data Managers/CourseManager.h</string>
			<key>sourceTree</key>
			<string>&lt;group&gt;</string>
		</dict>
		<key>736A89891AA8BBCB0035631A</key>
		<dict>
			<key>fileEncoding</key>
			<string>4</string>
			<key>isa</key>
			<string>PBXFileReference</string>
			<key>lastKnownFileType</key>
			<string>sourcecode.c.objc</string>
			<key>name</key>
			<string>CourseManager.m</string>
			<key>path</key>
			<string>Data Managers/CourseManager.m</string>
			<key>sourceTree</key>
			<string>&lt;group&gt;</string>
		</dict>
		<key>736A898A1AA8BBCB0035631A</key>
		<dict>
			<key>fileRef</key>
			<string>736A89891AA8BBCB0035631A</string>
			<key>isa</key>
			<string>PBXBuildFile</string>
		</dict>
		<key>736A898B1AA8BCE80035631A</key>
		<dict>
			<key>fileEncoding</key>
			<string>4</string>
			<key>isa</key>
			<string>PBXFileReference</string>
			<key>lastKnownFileType</key>
			<string>sourcecode.c.h</string>
			<key>name</key>
			<string>MaterialManager.h</string>
			<key>path</key>
			<string>Data Managers/MaterialManager.h</string>
			<key>sourceTree</key>
			<string>&lt;group&gt;</string>
		</dict>
		<key>736A898C1AA8BCE80035631A</key>
		<dict>
			<key>fileEncoding</key>
			<string>4</string>
			<key>isa</key>
			<string>PBXFileReference</string>
			<key>lastKnownFileType</key>
			<string>sourcecode.c.objc</string>
			<key>name</key>
			<string>MaterialManager.m</string>
			<key>path</key>
			<string>Data Managers/MaterialManager.m</string>
			<key>sourceTree</key>
			<string>&lt;group&gt;</string>
		</dict>
		<key>736A898D1AA8BCE80035631A</key>
		<dict>
			<key>fileRef</key>
			<string>736A898C1AA8BCE80035631A</string>
			<key>isa</key>
			<string>PBXBuildFile</string>
		</dict>
		<key>736A89911AA8CB190035631A</key>
		<dict>
			<key>fileEncoding</key>
			<string>4</string>
			<key>isa</key>
			<string>PBXFileReference</string>
			<key>lastKnownFileType</key>
			<string>sourcecode.c.h</string>
			<key>name</key>
			<string>Course.h</string>
			<key>path</key>
			<string>Data Models/Course.h</string>
			<key>sourceTree</key>
			<string>&lt;group&gt;</string>
		</dict>
		<key>736A89921AA8CB190035631A</key>
		<dict>
			<key>fileEncoding</key>
			<string>4</string>
			<key>isa</key>
			<string>PBXFileReference</string>
			<key>lastKnownFileType</key>
			<string>sourcecode.c.objc</string>
			<key>name</key>
			<string>Course.m</string>
			<key>path</key>
			<string>Data Models/Course.m</string>
			<key>sourceTree</key>
			<string>&lt;group&gt;</string>
		</dict>
		<key>736A89931AA8CB190035631A</key>
		<dict>
			<key>fileEncoding</key>
			<string>4</string>
			<key>isa</key>
			<string>PBXFileReference</string>
			<key>lastKnownFileType</key>
			<string>sourcecode.c.h</string>
			<key>name</key>
			<string>Material.h</string>
			<key>path</key>
			<string>Data Models/Material.h</string>
			<key>sourceTree</key>
			<string>&lt;group&gt;</string>
		</dict>
		<key>736A89941AA8CB190035631A</key>
		<dict>
			<key>fileEncoding</key>
			<string>4</string>
			<key>isa</key>
			<string>PBXFileReference</string>
			<key>lastKnownFileType</key>
			<string>sourcecode.c.objc</string>
			<key>name</key>
			<string>Material.m</string>
			<key>path</key>
			<string>Data Models/Material.m</string>
			<key>sourceTree</key>
			<string>&lt;group&gt;</string>
		</dict>
		<key>736A89951AA8CB190035631A</key>
		<dict>
			<key>fileEncoding</key>
			<string>4</string>
			<key>isa</key>
			<string>PBXFileReference</string>
			<key>lastKnownFileType</key>
			<string>sourcecode.c.h</string>
			<key>name</key>
			<string>User.h</string>
			<key>path</key>
			<string>Data Models/User.h</string>
			<key>sourceTree</key>
			<string>&lt;group&gt;</string>
		</dict>
		<key>736A89961AA8CB190035631A</key>
		<dict>
			<key>fileEncoding</key>
			<string>4</string>
			<key>isa</key>
			<string>PBXFileReference</string>
			<key>lastKnownFileType</key>
			<string>sourcecode.c.objc</string>
			<key>name</key>
			<string>User.m</string>
			<key>path</key>
			<string>Data Models/User.m</string>
			<key>sourceTree</key>
			<string>&lt;group&gt;</string>
		</dict>
		<key>736A89971AA8CB190035631A</key>
		<dict>
			<key>fileEncoding</key>
			<string>4</string>
			<key>isa</key>
			<string>PBXFileReference</string>
			<key>lastKnownFileType</key>
			<string>sourcecode.c.h</string>
			<key>name</key>
			<string>UserManager.h</string>
			<key>path</key>
			<string>Data Models/UserManager.h</string>
			<key>sourceTree</key>
			<string>&lt;group&gt;</string>
		</dict>
		<key>736A89981AA8CB190035631A</key>
		<dict>
			<key>fileEncoding</key>
			<string>4</string>
			<key>isa</key>
			<string>PBXFileReference</string>
			<key>lastKnownFileType</key>
			<string>sourcecode.c.objc</string>
			<key>name</key>
			<string>UserManager.m</string>
			<key>path</key>
			<string>Data Models/UserManager.m</string>
			<key>sourceTree</key>
			<string>&lt;group&gt;</string>
		</dict>
		<key>736A89991AA8CB190035631A</key>
		<dict>
			<key>fileRef</key>
			<string>736A89921AA8CB190035631A</string>
			<key>isa</key>
			<string>PBXBuildFile</string>
		</dict>
		<key>736A899A1AA8CB190035631A</key>
		<dict>
			<key>fileRef</key>
			<string>736A89941AA8CB190035631A</string>
			<key>isa</key>
			<string>PBXBuildFile</string>
		</dict>
		<key>736A899B1AA8CB190035631A</key>
		<dict>
			<key>fileRef</key>
			<string>736A89961AA8CB190035631A</string>
			<key>isa</key>
			<string>PBXBuildFile</string>
		</dict>
		<key>736A899C1AA8CB190035631A</key>
		<dict>
			<key>fileRef</key>
			<string>736A89981AA8CB190035631A</string>
			<key>isa</key>
			<string>PBXBuildFile</string>
		</dict>
		<key>8F1E33641AA915DA001C7A56</key>
		<dict>
			<key>fileEncoding</key>
			<string>4</string>
			<key>isa</key>
			<string>PBXFileReference</string>
			<key>lastKnownFileType</key>
			<string>sourcecode.c.h</string>
			<key>name</key>
			<string>HeaderTableViewCell.h</string>
			<key>path</key>
			<string>Views/Common/HeaderTableViewCell.h</string>
			<key>sourceTree</key>
			<string>&lt;group&gt;</string>
		</dict>
		<key>8F1E33651AA915DA001C7A56</key>
		<dict>
			<key>fileEncoding</key>
			<string>4</string>
			<key>isa</key>
			<string>PBXFileReference</string>
			<key>lastKnownFileType</key>
			<string>sourcecode.c.objc</string>
			<key>name</key>
			<string>HeaderTableViewCell.m</string>
			<key>path</key>
			<string>Views/Common/HeaderTableViewCell.m</string>
			<key>sourceTree</key>
			<string>&lt;group&gt;</string>
		</dict>
		<key>8F1E33661AA915DA001C7A56</key>
		<dict>
			<key>fileEncoding</key>
			<string>4</string>
			<key>isa</key>
			<string>PBXFileReference</string>
			<key>lastKnownFileType</key>
			<string>file.xib</string>
			<key>name</key>
			<string>HeaderTableViewCell.xib</string>
			<key>path</key>
			<string>Views/Common/HeaderTableViewCell.xib</string>
			<key>sourceTree</key>
			<string>&lt;group&gt;</string>
		</dict>
		<key>8F1E33671AA915DA001C7A56</key>
		<dict>
			<key>fileRef</key>
			<string>8F1E33651AA915DA001C7A56</string>
			<key>isa</key>
			<string>PBXBuildFile</string>
		</dict>
		<key>8F1E33681AA915DA001C7A56</key>
		<dict>
			<key>fileRef</key>
			<string>8F1E33661AA915DA001C7A56</string>
			<key>isa</key>
			<string>PBXBuildFile</string>
		</dict>
		<key>ED75349D04F20CB0CF135268</key>
		<dict>
			<key>buildActionMask</key>
			<string>2147483647</string>
			<key>files</key>
			<array/>
			<key>inputPaths</key>
			<array/>
			<key>isa</key>
			<string>PBXShellScriptBuildPhase</string>
			<key>name</key>
			<string>Check Pods Manifest.lock</string>
			<key>outputPaths</key>
			<array/>
			<key>runOnlyForDeploymentPostprocessing</key>
			<string>0</string>
			<key>shellPath</key>
			<string>/bin/sh</string>
			<key>shellScript</key>
			<string>diff "${PODS_ROOT}/../Podfile.lock" "${PODS_ROOT}/Manifest.lock" &gt; /dev/null
if [[ $? != 0 ]] ; then
    cat &lt;&lt; EOM
error: The sandbox is not in sync with the Podfile.lock. Run 'pod install' or update your CocoaPods installation.
EOM
    exit 1
fi
</string>
			<key>showEnvVarsInLog</key>
			<string>0</string>
		</dict>
	</dict>
	<key>rootObject</key>
	<string>736A88D31AA819A40035631A</string>
</dict>
</plist>
