// !$*UTF8*$!
{
	archiveVersion = 1;
	classes = {
	};
	objectVersion = 46;
	objects = {

/* Begin PBXBuildFile section */
		145B7E4C1AAFF1C30063F486 /* GlobalCourseDetailsTableViewCell.m in Sources */ = {isa = PBXBuildFile; fileRef = 145B7E4A1AAFF1C30063F486 /* GlobalCourseDetailsTableViewCell.m */; };
		145B7E4D1AAFF1C30063F486 /* GlobalCourseDetailsTableViewCell.xib in Resources */ = {isa = PBXBuildFile; fileRef = 145B7E4B1AAFF1C30063F486 /* GlobalCourseDetailsTableViewCell.xib */; };
		145B7E511AAFF5070063F486 /* GlobalCourseTeacherTableViewCell.m in Sources */ = {isa = PBXBuildFile; fileRef = 145B7E4F1AAFF5070063F486 /* GlobalCourseTeacherTableViewCell.m */; };
		145B7E521AAFF5070063F486 /* GlobalCourseTeacherTableViewCell.xib in Resources */ = {isa = PBXBuildFile; fileRef = 145B7E501AAFF5070063F486 /* GlobalCourseTeacherTableViewCell.xib */; };
		145B7E591AAFFE040063F486 /* TeacherCourseDetailsTableViewCell.m in Sources */ = {isa = PBXBuildFile; fileRef = 145B7E571AAFFE040063F486 /* TeacherCourseDetailsTableViewCell.m */; };
		145B7E5A1AAFFE040063F486 /* TeacherCourseDetailsTableViewCell.xib in Resources */ = {isa = PBXBuildFile; fileRef = 145B7E581AAFFE040063F486 /* TeacherCourseDetailsTableViewCell.xib */; };
		4220930C02A341CF7DCA73C7 /* libPods.a in Frameworks */ = {isa = PBXBuildFile; fileRef = 54BF8E171EB0C38EEC311560 /* libPods.a */; };
		736A88E11AA819A40035631A /* main.m in Sources */ = {isa = PBXBuildFile; fileRef = 736A88E01AA819A40035631A /* main.m */; };
		736A88E41AA819A40035631A /* AppDelegate.m in Sources */ = {isa = PBXBuildFile; fileRef = 736A88E31AA819A40035631A /* AppDelegate.m */; };
		736A88EC1AA819A40035631A /* Images.xcassets in Resources */ = {isa = PBXBuildFile; fileRef = 736A88EB1AA819A40035631A /* Images.xcassets */; };
		736A88EF1AA819A40035631A /* LaunchScreen.xib in Resources */ = {isa = PBXBuildFile; fileRef = 736A88ED1AA819A40035631A /* LaunchScreen.xib */; };
		736A88FB1AA819A40035631A /* PencilsTests.m in Sources */ = {isa = PBXBuildFile; fileRef = 736A88FA1AA819A40035631A /* PencilsTests.m */; };
		736A89111AA8AA2A0035631A /* LoginViewController.m in Sources */ = {isa = PBXBuildFile; fileRef = 736A890F1AA8AA2A0035631A /* LoginViewController.m */; };
		736A89121AA8AA2A0035631A /* LoginViewController.xib in Resources */ = {isa = PBXBuildFile; fileRef = 736A89101AA8AA2A0035631A /* LoginViewController.xib */; };
		736A89171AA8AA570035631A /* SignupViewController.m in Sources */ = {isa = PBXBuildFile; fileRef = 736A89151AA8AA570035631A /* SignupViewController.m */; };
		736A89181AA8AA570035631A /* SignupViewController.xib in Resources */ = {isa = PBXBuildFile; fileRef = 736A89161AA8AA570035631A /* SignupViewController.xib */; };
		736A89231AA8AD010035631A /* UserTest.m in Sources */ = {isa = PBXBuildFile; fileRef = 736A89221AA8AD010035631A /* UserTest.m */; };
		736A89281AA8AF7C0035631A /* CourseTableViewCell.m in Sources */ = {isa = PBXBuildFile; fileRef = 736A89261AA8AF7C0035631A /* CourseTableViewCell.m */; };
		736A89291AA8AF7C0035631A /* CourseTableViewCell.xib in Resources */ = {isa = PBXBuildFile; fileRef = 736A89271AA8AF7C0035631A /* CourseTableViewCell.xib */; };
		736A892D1AA8AFC20035631A /* TeacherTableViewCell.m in Sources */ = {isa = PBXBuildFile; fileRef = 736A892B1AA8AFC20035631A /* TeacherTableViewCell.m */; };
		736A892E1AA8AFC20035631A /* TeacherTableViewCell.xib in Resources */ = {isa = PBXBuildFile; fileRef = 736A892C1AA8AFC20035631A /* TeacherTableViewCell.xib */; };
		736A89331AA8B0070035631A /* HomeViewController.m in Sources */ = {isa = PBXBuildFile; fileRef = 736A89311AA8B0070035631A /* HomeViewController.m */; };
		736A89341AA8B0070035631A /* HomeViewController.xib in Resources */ = {isa = PBXBuildFile; fileRef = 736A89321AA8B0070035631A /* HomeViewController.xib */; };
		736A89401AA8B0AD0035631A /* NavigationUtility.m in Sources */ = {isa = PBXBuildFile; fileRef = 736A893F1AA8B0AD0035631A /* NavigationUtility.m */; };
		736A89481AA8B4300035631A /* CoursesViewController.m in Sources */ = {isa = PBXBuildFile; fileRef = 736A89461AA8B4300035631A /* CoursesViewController.m */; };
		736A89491AA8B4300035631A /* CoursesViewController.xib in Resources */ = {isa = PBXBuildFile; fileRef = 736A89471AA8B4300035631A /* CoursesViewController.xib */; };
		736A894D1AA8B4480035631A /* CreateCourseViewController.m in Sources */ = {isa = PBXBuildFile; fileRef = 736A894B1AA8B4480035631A /* CreateCourseViewController.m */; };
		736A894E1AA8B4480035631A /* CreateCourseViewController.xib in Resources */ = {isa = PBXBuildFile; fileRef = 736A894C1AA8B4480035631A /* CreateCourseViewController.xib */; };
		736A89521AA8B4880035631A /* GlobalCourseViewController.m in Sources */ = {isa = PBXBuildFile; fileRef = 736A89501AA8B4880035631A /* GlobalCourseViewController.m */; };
		736A89531AA8B4880035631A /* GlobalCourseViewController.xib in Resources */ = {isa = PBXBuildFile; fileRef = 736A89511AA8B4880035631A /* GlobalCourseViewController.xib */; };
		736A89571AA8B4BD0035631A /* TeacherCourseViewController.m in Sources */ = {isa = PBXBuildFile; fileRef = 736A89551AA8B4BD0035631A /* TeacherCourseViewController.m */; };
		736A89581AA8B4BD0035631A /* TeacherCourseViewController.xib in Resources */ = {isa = PBXBuildFile; fileRef = 736A89561AA8B4BD0035631A /* TeacherCourseViewController.xib */; };
		736A895C1AA8B4D80035631A /* TeachACourseViewController.m in Sources */ = {isa = PBXBuildFile; fileRef = 736A895A1AA8B4D80035631A /* TeachACourseViewController.m */; };
		736A895D1AA8B4D80035631A /* TeachACourseViewController.xib in Resources */ = {isa = PBXBuildFile; fileRef = 736A895B1AA8B4D80035631A /* TeachACourseViewController.xib */; };
		736A89641AA8B5DF0035631A /* MaterialCell.m in Sources */ = {isa = PBXBuildFile; fileRef = 736A89621AA8B5DF0035631A /* MaterialCell.m */; };
		736A89651AA8B5DF0035631A /* MaterialCell.xib in Resources */ = {isa = PBXBuildFile; fileRef = 736A89631AA8B5DF0035631A /* MaterialCell.xib */; };
		736A89691AA8B6080035631A /* SearchTableViewCell.m in Sources */ = {isa = PBXBuildFile; fileRef = 736A89671AA8B6080035631A /* SearchTableViewCell.m */; };
		736A896A1AA8B6080035631A /* SearchTableViewCell.xib in Resources */ = {isa = PBXBuildFile; fileRef = 736A89681AA8B6080035631A /* SearchTableViewCell.xib */; };
		736A896E1AA8B6340035631A /* EditCourseViewController.m in Sources */ = {isa = PBXBuildFile; fileRef = 736A896C1AA8B6340035631A /* EditCourseViewController.m */; };
		736A896F1AA8B6340035631A /* EditCourseViewController.xib in Resources */ = {isa = PBXBuildFile; fileRef = 736A896D1AA8B6340035631A /* EditCourseViewController.xib */; };
		736A897A1AA8B6DE0035631A /* ViewMaterialViewController.m in Sources */ = {isa = PBXBuildFile; fileRef = 736A89781AA8B6DE0035631A /* ViewMaterialViewController.m */; };
		736A897B1AA8B6DE0035631A /* ViewMaterialViewController.xib in Resources */ = {isa = PBXBuildFile; fileRef = 736A89791AA8B6DE0035631A /* ViewMaterialViewController.xib */; };
		736A89801AA8B9760035631A /* UploadViewController.m in Sources */ = {isa = PBXBuildFile; fileRef = 736A897E1AA8B9760035631A /* UploadViewController.m */; };
		736A89811AA8B9760035631A /* UploadViewController.xib in Resources */ = {isa = PBXBuildFile; fileRef = 736A897F1AA8B9760035631A /* UploadViewController.xib */; };
		736A898A1AA8BBCB0035631A /* CourseManager.m in Sources */ = {isa = PBXBuildFile; fileRef = 736A89891AA8BBCB0035631A /* CourseManager.m */; };
		736A898D1AA8BCE80035631A /* MaterialManager.m in Sources */ = {isa = PBXBuildFile; fileRef = 736A898C1AA8BCE80035631A /* MaterialManager.m */; };
		736A89991AA8CB190035631A /* Course.m in Sources */ = {isa = PBXBuildFile; fileRef = 736A89921AA8CB190035631A /* Course.m */; };
		736A899A1AA8CB190035631A /* Material.m in Sources */ = {isa = PBXBuildFile; fileRef = 736A89941AA8CB190035631A /* Material.m */; };
		736A899B1AA8CB190035631A /* User.m in Sources */ = {isa = PBXBuildFile; fileRef = 736A89961AA8CB190035631A /* User.m */; };
		736A899C1AA8CB190035631A /* UserManager.m in Sources */ = {isa = PBXBuildFile; fileRef = 736A89981AA8CB190035631A /* UserManager.m */; };
		8F1E33671AA915DA001C7A56 /* HeaderTableViewCell.m in Sources */ = {isa = PBXBuildFile; fileRef = 8F1E33651AA915DA001C7A56 /* HeaderTableViewCell.m */; };
		8F1E33681AA915DA001C7A56 /* HeaderTableViewCell.xib in Resources */ = {isa = PBXBuildFile; fileRef = 8F1E33661AA915DA001C7A56 /* HeaderTableViewCell.xib */; };
		8F8B604B1AAC904C00FF9FED /* ColorUtility.m in Sources */ = {isa = PBXBuildFile; fileRef = 8F8B604A1AAC904C00FF9FED /* ColorUtility.m */; };
		8FE90E0E1AB1171300EEE58F /* MaterialImportViewController.m in Sources */ = {isa = PBXBuildFile; fileRef = 8FE90E0D1AB1171300EEE58F /* MaterialImportViewController.m */; };
		8FEAE15C1AACAC5A000A0F2C /* RequestsTableViewCell.m in Sources */ = {isa = PBXBuildFile; fileRef = 8FEAE15A1AACAC5A000A0F2C /* RequestsTableViewCell.m */; };
		8FEAE15D1AACAC5A000A0F2C /* RequestsTableViewCell.xib in Resources */ = {isa = PBXBuildFile; fileRef = 8FEAE15B1AACAC5A000A0F2C /* RequestsTableViewCell.xib */; };
		8FEAE1631AACB3F6000A0F2C /* EmptyListTableViewCell.m in Sources */ = {isa = PBXBuildFile; fileRef = 8FEAE1611AACB3F6000A0F2C /* EmptyListTableViewCell.m */; };
		8FEAE1641AACB3F6000A0F2C /* EmptyListTableViewCell.xib in Resources */ = {isa = PBXBuildFile; fileRef = 8FEAE1621AACB3F6000A0F2C /* EmptyListTableViewCell.xib */; };
/* End PBXBuildFile section */

/* Begin PBXContainerItemProxy section */
		736A88F51AA819A40035631A /* PBXContainerItemProxy */ = {
			isa = PBXContainerItemProxy;
			containerPortal = 736A88D31AA819A40035631A /* Project object */;
			proxyType = 1;
			remoteGlobalIDString = 736A88DA1AA819A40035631A;
			remoteInfo = Pencils;
		};
/* End PBXContainerItemProxy section */

/* Begin PBXFileReference section */
		0F2A0554565FA42DB574478E /* Pods.debug.xcconfig */ = {isa = PBXFileReference; includeInIndex = 1; lastKnownFileType = text.xcconfig; name = Pods.debug.xcconfig; path = "Pods/Target Support Files/Pods/Pods.debug.xcconfig"; sourceTree = "<group>"; };
		145B7E491AAFF1C30063F486 /* GlobalCourseDetailsTableViewCell.h */ = {isa = PBXFileReference; fileEncoding = 4; lastKnownFileType = sourcecode.c.h; name = GlobalCourseDetailsTableViewCell.h; path = Views/Common/GlobalCourseDetailsTableViewCell.h; sourceTree = "<group>"; };
		145B7E4A1AAFF1C30063F486 /* GlobalCourseDetailsTableViewCell.m */ = {isa = PBXFileReference; fileEncoding = 4; lastKnownFileType = sourcecode.c.objc; name = GlobalCourseDetailsTableViewCell.m; path = Views/Common/GlobalCourseDetailsTableViewCell.m; sourceTree = "<group>"; };
		145B7E4B1AAFF1C30063F486 /* GlobalCourseDetailsTableViewCell.xib */ = {isa = PBXFileReference; fileEncoding = 4; lastKnownFileType = file.xib; name = GlobalCourseDetailsTableViewCell.xib; path = Views/Common/GlobalCourseDetailsTableViewCell.xib; sourceTree = "<group>"; };
		145B7E4E1AAFF5070063F486 /* GlobalCourseTeacherTableViewCell.h */ = {isa = PBXFileReference; fileEncoding = 4; lastKnownFileType = sourcecode.c.h; name = GlobalCourseTeacherTableViewCell.h; path = Views/Common/GlobalCourseTeacherTableViewCell.h; sourceTree = "<group>"; };
		145B7E4F1AAFF5070063F486 /* GlobalCourseTeacherTableViewCell.m */ = {isa = PBXFileReference; fileEncoding = 4; lastKnownFileType = sourcecode.c.objc; name = GlobalCourseTeacherTableViewCell.m; path = Views/Common/GlobalCourseTeacherTableViewCell.m; sourceTree = "<group>"; };
		145B7E501AAFF5070063F486 /* GlobalCourseTeacherTableViewCell.xib */ = {isa = PBXFileReference; fileEncoding = 4; lastKnownFileType = file.xib; name = GlobalCourseTeacherTableViewCell.xib; path = Views/Common/GlobalCourseTeacherTableViewCell.xib; sourceTree = "<group>"; };
		145B7E561AAFFE040063F486 /* TeacherCourseDetailsTableViewCell.h */ = {isa = PBXFileReference; fileEncoding = 4; lastKnownFileType = sourcecode.c.h; name = TeacherCourseDetailsTableViewCell.h; path = Views/Common/TeacherCourseDetailsTableViewCell.h; sourceTree = "<group>"; };
		145B7E571AAFFE040063F486 /* TeacherCourseDetailsTableViewCell.m */ = {isa = PBXFileReference; fileEncoding = 4; lastKnownFileType = sourcecode.c.objc; name = TeacherCourseDetailsTableViewCell.m; path = Views/Common/TeacherCourseDetailsTableViewCell.m; sourceTree = "<group>"; };
		145B7E581AAFFE040063F486 /* TeacherCourseDetailsTableViewCell.xib */ = {isa = PBXFileReference; fileEncoding = 4; lastKnownFileType = file.xib; name = TeacherCourseDetailsTableViewCell.xib; path = Views/Common/TeacherCourseDetailsTableViewCell.xib; sourceTree = "<group>"; };
		54BF8E171EB0C38EEC311560 /* libPods.a */ = {isa = PBXFileReference; explicitFileType = archive.ar; includeInIndex = 0; path = libPods.a; sourceTree = BUILT_PRODUCTS_DIR; };
		6F0F987FDC3E78742DF01139 /* Pods.release.xcconfig */ = {isa = PBXFileReference; includeInIndex = 1; lastKnownFileType = text.xcconfig; name = Pods.release.xcconfig; path = "Pods/Target Support Files/Pods/Pods.release.xcconfig"; sourceTree = "<group>"; };
		736A88DB1AA819A40035631A /* Pencils.app */ = {isa = PBXFileReference; explicitFileType = wrapper.application; includeInIndex = 0; path = Pencils.app; sourceTree = BUILT_PRODUCTS_DIR; };
		736A88DF1AA819A40035631A /* Info.plist */ = {isa = PBXFileReference; lastKnownFileType = text.plist.xml; path = Info.plist; sourceTree = "<group>"; };
		736A88E01AA819A40035631A /* main.m */ = {isa = PBXFileReference; lastKnownFileType = sourcecode.c.objc; path = main.m; sourceTree = "<group>"; };
		736A88E21AA819A40035631A /* AppDelegate.h */ = {isa = PBXFileReference; lastKnownFileType = sourcecode.c.h; path = AppDelegate.h; sourceTree = "<group>"; };
		736A88E31AA819A40035631A /* AppDelegate.m */ = {isa = PBXFileReference; lastKnownFileType = sourcecode.c.objc; path = AppDelegate.m; sourceTree = "<group>"; wrapsLines = 0; };
		736A88EB1AA819A40035631A /* Images.xcassets */ = {isa = PBXFileReference; lastKnownFileType = folder.assetcatalog; path = Images.xcassets; sourceTree = "<group>"; };
		736A88EE1AA819A40035631A /* Base */ = {isa = PBXFileReference; lastKnownFileType = file.xib; name = Base; path = Base.lproj/LaunchScreen.xib; sourceTree = "<group>"; };
		736A88F41AA819A40035631A /* PencilsTests.xctest */ = {isa = PBXFileReference; explicitFileType = wrapper.cfbundle; includeInIndex = 0; path = PencilsTests.xctest; sourceTree = BUILT_PRODUCTS_DIR; };
		736A88F91AA819A40035631A /* Info.plist */ = {isa = PBXFileReference; lastKnownFileType = text.plist.xml; path = Info.plist; sourceTree = "<group>"; };
		736A88FA1AA819A40035631A /* PencilsTests.m */ = {isa = PBXFileReference; lastKnownFileType = sourcecode.c.objc; path = PencilsTests.m; sourceTree = "<group>"; };
		736A890E1AA8AA2A0035631A /* LoginViewController.h */ = {isa = PBXFileReference; fileEncoding = 4; lastKnownFileType = sourcecode.c.h; name = LoginViewController.h; path = "View Controllers/Login and Signup/LoginViewController.h"; sourceTree = "<group>"; };
		736A890F1AA8AA2A0035631A /* LoginViewController.m */ = {isa = PBXFileReference; fileEncoding = 4; lastKnownFileType = sourcecode.c.objc; name = LoginViewController.m; path = "View Controllers/Login and Signup/LoginViewController.m"; sourceTree = "<group>"; };
		736A89101AA8AA2A0035631A /* LoginViewController.xib */ = {isa = PBXFileReference; fileEncoding = 4; lastKnownFileType = file.xib; name = LoginViewController.xib; path = "View Controllers/Login and Signup/LoginViewController.xib"; sourceTree = "<group>"; };
		736A89141AA8AA570035631A /* SignupViewController.h */ = {isa = PBXFileReference; fileEncoding = 4; lastKnownFileType = sourcecode.c.h; name = SignupViewController.h; path = "View Controllers/Login and Signup/SignupViewController.h"; sourceTree = "<group>"; };
		736A89151AA8AA570035631A /* SignupViewController.m */ = {isa = PBXFileReference; fileEncoding = 4; lastKnownFileType = sourcecode.c.objc; name = SignupViewController.m; path = "View Controllers/Login and Signup/SignupViewController.m"; sourceTree = "<group>"; };
		736A89161AA8AA570035631A /* SignupViewController.xib */ = {isa = PBXFileReference; fileEncoding = 4; lastKnownFileType = file.xib; name = SignupViewController.xib; path = "View Controllers/Login and Signup/SignupViewController.xib"; sourceTree = "<group>"; };
		736A89221AA8AD010035631A /* UserTest.m */ = {isa = PBXFileReference; fileEncoding = 4; lastKnownFileType = sourcecode.c.objc; name = UserTest.m; path = Models/UserTest.m; sourceTree = "<group>"; };
		736A89251AA8AF7C0035631A /* CourseTableViewCell.h */ = {isa = PBXFileReference; fileEncoding = 4; lastKnownFileType = sourcecode.c.h; name = CourseTableViewCell.h; path = Views/Common/CourseTableViewCell.h; sourceTree = "<group>"; };
		736A89261AA8AF7C0035631A /* CourseTableViewCell.m */ = {isa = PBXFileReference; fileEncoding = 4; lastKnownFileType = sourcecode.c.objc; name = CourseTableViewCell.m; path = Views/Common/CourseTableViewCell.m; sourceTree = "<group>"; };
		736A89271AA8AF7C0035631A /* CourseTableViewCell.xib */ = {isa = PBXFileReference; fileEncoding = 4; lastKnownFileType = file.xib; name = CourseTableViewCell.xib; path = Views/Common/CourseTableViewCell.xib; sourceTree = "<group>"; };
		736A892A1AA8AFC20035631A /* TeacherTableViewCell.h */ = {isa = PBXFileReference; fileEncoding = 4; lastKnownFileType = sourcecode.c.h; name = TeacherTableViewCell.h; path = Views/Common/TeacherTableViewCell.h; sourceTree = "<group>"; };
		736A892B1AA8AFC20035631A /* TeacherTableViewCell.m */ = {isa = PBXFileReference; fileEncoding = 4; lastKnownFileType = sourcecode.c.objc; name = TeacherTableViewCell.m; path = Views/Common/TeacherTableViewCell.m; sourceTree = "<group>"; };
		736A892C1AA8AFC20035631A /* TeacherTableViewCell.xib */ = {isa = PBXFileReference; fileEncoding = 4; lastKnownFileType = file.xib; name = TeacherTableViewCell.xib; path = Views/Common/TeacherTableViewCell.xib; sourceTree = "<group>"; };
		736A89301AA8B0070035631A /* HomeViewController.h */ = {isa = PBXFileReference; fileEncoding = 4; lastKnownFileType = sourcecode.c.h; name = HomeViewController.h; path = "View Controllers/Home/HomeViewController.h"; sourceTree = "<group>"; };
		736A89311AA8B0070035631A /* HomeViewController.m */ = {isa = PBXFileReference; fileEncoding = 4; lastKnownFileType = sourcecode.c.objc; name = HomeViewController.m; path = "View Controllers/Home/HomeViewController.m"; sourceTree = "<group>"; };
		736A89321AA8B0070035631A /* HomeViewController.xib */ = {isa = PBXFileReference; fileEncoding = 4; lastKnownFileType = file.xib; name = HomeViewController.xib; path = "View Controllers/Home/HomeViewController.xib"; sourceTree = "<group>"; };
		736A893E1AA8B0AD0035631A /* NavigationUtility.h */ = {isa = PBXFileReference; fileEncoding = 4; lastKnownFileType = sourcecode.c.h; name = NavigationUtility.h; path = Utilities/NavigationUtility.h; sourceTree = "<group>"; };
		736A893F1AA8B0AD0035631A /* NavigationUtility.m */ = {isa = PBXFileReference; fileEncoding = 4; lastKnownFileType = sourcecode.c.objc; name = NavigationUtility.m; path = Utilities/NavigationUtility.m; sourceTree = "<group>"; };
		736A89451AA8B4300035631A /* CoursesViewController.h */ = {isa = PBXFileReference; fileEncoding = 4; lastKnownFileType = sourcecode.c.h; name = CoursesViewController.h; path = "View Controllers/Courses/CoursesViewController.h"; sourceTree = "<group>"; };
		736A89461AA8B4300035631A /* CoursesViewController.m */ = {isa = PBXFileReference; fileEncoding = 4; lastKnownFileType = sourcecode.c.objc; name = CoursesViewController.m; path = "View Controllers/Courses/CoursesViewController.m"; sourceTree = "<group>"; };
		736A89471AA8B4300035631A /* CoursesViewController.xib */ = {isa = PBXFileReference; fileEncoding = 4; lastKnownFileType = file.xib; name = CoursesViewController.xib; path = "View Controllers/Courses/CoursesViewController.xib"; sourceTree = "<group>"; };
		736A894A1AA8B4480035631A /* CreateCourseViewController.h */ = {isa = PBXFileReference; fileEncoding = 4; lastKnownFileType = sourcecode.c.h; name = CreateCourseViewController.h; path = "View Controllers/Courses/CreateCourseViewController.h"; sourceTree = "<group>"; };
		736A894B1AA8B4480035631A /* CreateCourseViewController.m */ = {isa = PBXFileReference; fileEncoding = 4; lastKnownFileType = sourcecode.c.objc; name = CreateCourseViewController.m; path = "View Controllers/Courses/CreateCourseViewController.m"; sourceTree = "<group>"; };
		736A894C1AA8B4480035631A /* CreateCourseViewController.xib */ = {isa = PBXFileReference; fileEncoding = 4; lastKnownFileType = file.xib; name = CreateCourseViewController.xib; path = "View Controllers/Courses/CreateCourseViewController.xib"; sourceTree = "<group>"; };
		736A894F1AA8B4880035631A /* GlobalCourseViewController.h */ = {isa = PBXFileReference; fileEncoding = 4; lastKnownFileType = sourcecode.c.h; name = GlobalCourseViewController.h; path = "View Controllers/Courses/GlobalCourseViewController.h"; sourceTree = "<group>"; };
		736A89501AA8B4880035631A /* GlobalCourseViewController.m */ = {isa = PBXFileReference; fileEncoding = 4; lastKnownFileType = sourcecode.c.objc; name = GlobalCourseViewController.m; path = "View Controllers/Courses/GlobalCourseViewController.m"; sourceTree = "<group>"; };
		736A89511AA8B4880035631A /* GlobalCourseViewController.xib */ = {isa = PBXFileReference; fileEncoding = 4; lastKnownFileType = file.xib; name = GlobalCourseViewController.xib; path = "View Controllers/Courses/GlobalCourseViewController.xib"; sourceTree = "<group>"; };
		736A89541AA8B4BD0035631A /* TeacherCourseViewController.h */ = {isa = PBXFileReference; fileEncoding = 4; lastKnownFileType = sourcecode.c.h; name = TeacherCourseViewController.h; path = "View Controllers/Courses/TeacherCourseViewController.h"; sourceTree = "<group>"; };
		736A89551AA8B4BD0035631A /* TeacherCourseViewController.m */ = {isa = PBXFileReference; fileEncoding = 4; lastKnownFileType = sourcecode.c.objc; name = TeacherCourseViewController.m; path = "View Controllers/Courses/TeacherCourseViewController.m"; sourceTree = "<group>"; };
		736A89561AA8B4BD0035631A /* TeacherCourseViewController.xib */ = {isa = PBXFileReference; fileEncoding = 4; lastKnownFileType = file.xib; name = TeacherCourseViewController.xib; path = "View Controllers/Courses/TeacherCourseViewController.xib"; sourceTree = "<group>"; };
		736A89591AA8B4D80035631A /* TeachACourseViewController.h */ = {isa = PBXFileReference; fileEncoding = 4; lastKnownFileType = sourcecode.c.h; name = TeachACourseViewController.h; path = "View Controllers/Courses/TeachACourseViewController.h"; sourceTree = "<group>"; };
		736A895A1AA8B4D80035631A /* TeachACourseViewController.m */ = {isa = PBXFileReference; fileEncoding = 4; lastKnownFileType = sourcecode.c.objc; name = TeachACourseViewController.m; path = "View Controllers/Courses/TeachACourseViewController.m"; sourceTree = "<group>"; };
		736A895B1AA8B4D80035631A /* TeachACourseViewController.xib */ = {isa = PBXFileReference; fileEncoding = 4; lastKnownFileType = file.xib; name = TeachACourseViewController.xib; path = "View Controllers/Courses/TeachACourseViewController.xib"; sourceTree = "<group>"; };
		736A89611AA8B5DF0035631A /* MaterialCell.h */ = {isa = PBXFileReference; fileEncoding = 4; lastKnownFileType = sourcecode.c.h; name = MaterialCell.h; path = Views/Common/MaterialCell.h; sourceTree = "<group>"; };
		736A89621AA8B5DF0035631A /* MaterialCell.m */ = {isa = PBXFileReference; fileEncoding = 4; lastKnownFileType = sourcecode.c.objc; name = MaterialCell.m; path = Views/Common/MaterialCell.m; sourceTree = "<group>"; };
		736A89631AA8B5DF0035631A /* MaterialCell.xib */ = {isa = PBXFileReference; fileEncoding = 4; lastKnownFileType = file.xib; name = MaterialCell.xib; path = Views/Common/MaterialCell.xib; sourceTree = "<group>"; };
		736A89661AA8B6080035631A /* SearchTableViewCell.h */ = {isa = PBXFileReference; fileEncoding = 4; lastKnownFileType = sourcecode.c.h; name = SearchTableViewCell.h; path = Views/Common/SearchTableViewCell.h; sourceTree = "<group>"; };
		736A89671AA8B6080035631A /* SearchTableViewCell.m */ = {isa = PBXFileReference; fileEncoding = 4; lastKnownFileType = sourcecode.c.objc; name = SearchTableViewCell.m; path = Views/Common/SearchTableViewCell.m; sourceTree = "<group>"; };
		736A89681AA8B6080035631A /* SearchTableViewCell.xib */ = {isa = PBXFileReference; fileEncoding = 4; lastKnownFileType = file.xib; name = SearchTableViewCell.xib; path = Views/Common/SearchTableViewCell.xib; sourceTree = "<group>"; };
		736A896B1AA8B6340035631A /* EditCourseViewController.h */ = {isa = PBXFileReference; fileEncoding = 4; lastKnownFileType = sourcecode.c.h; name = EditCourseViewController.h; path = "View Controllers/Courses/EditCourseViewController.h"; sourceTree = "<group>"; };
		736A896C1AA8B6340035631A /* EditCourseViewController.m */ = {isa = PBXFileReference; fileEncoding = 4; lastKnownFileType = sourcecode.c.objc; name = EditCourseViewController.m; path = "View Controllers/Courses/EditCourseViewController.m"; sourceTree = "<group>"; };
		736A896D1AA8B6340035631A /* EditCourseViewController.xib */ = {isa = PBXFileReference; fileEncoding = 4; lastKnownFileType = file.xib; name = EditCourseViewController.xib; path = "View Controllers/Courses/EditCourseViewController.xib"; sourceTree = "<group>"; };
		736A89771AA8B6DE0035631A /* ViewMaterialViewController.h */ = {isa = PBXFileReference; fileEncoding = 4; lastKnownFileType = sourcecode.c.h; name = ViewMaterialViewController.h; path = "View Controllers/Materials/ViewMaterialViewController.h"; sourceTree = "<group>"; };
		736A89781AA8B6DE0035631A /* ViewMaterialViewController.m */ = {isa = PBXFileReference; fileEncoding = 4; lastKnownFileType = sourcecode.c.objc; name = ViewMaterialViewController.m; path = "View Controllers/Materials/ViewMaterialViewController.m"; sourceTree = "<group>"; };
		736A89791AA8B6DE0035631A /* ViewMaterialViewController.xib */ = {isa = PBXFileReference; fileEncoding = 4; lastKnownFileType = file.xib; name = ViewMaterialViewController.xib; path = "View Controllers/Materials/ViewMaterialViewController.xib"; sourceTree = "<group>"; };
		736A897D1AA8B9760035631A /* UploadViewController.h */ = {isa = PBXFileReference; fileEncoding = 4; lastKnownFileType = sourcecode.c.h; name = UploadViewController.h; path = "View Controllers/Upload/UploadViewController.h"; sourceTree = "<group>"; };
		736A897E1AA8B9760035631A /* UploadViewController.m */ = {isa = PBXFileReference; fileEncoding = 4; lastKnownFileType = sourcecode.c.objc; name = UploadViewController.m; path = "View Controllers/Upload/UploadViewController.m"; sourceTree = "<group>"; };
		736A897F1AA8B9760035631A /* UploadViewController.xib */ = {isa = PBXFileReference; fileEncoding = 4; lastKnownFileType = file.xib; name = UploadViewController.xib; path = "View Controllers/Upload/UploadViewController.xib"; sourceTree = "<group>"; };
		736A89881AA8BBCB0035631A /* CourseManager.h */ = {isa = PBXFileReference; fileEncoding = 4; lastKnownFileType = sourcecode.c.h; name = CourseManager.h; path = "Data Managers/CourseManager.h"; sourceTree = "<group>"; };
		736A89891AA8BBCB0035631A /* CourseManager.m */ = {isa = PBXFileReference; fileEncoding = 4; lastKnownFileType = sourcecode.c.objc; name = CourseManager.m; path = "Data Managers/CourseManager.m"; sourceTree = "<group>"; };
		736A898B1AA8BCE80035631A /* MaterialManager.h */ = {isa = PBXFileReference; fileEncoding = 4; lastKnownFileType = sourcecode.c.h; name = MaterialManager.h; path = "Data Managers/MaterialManager.h"; sourceTree = "<group>"; };
		736A898C1AA8BCE80035631A /* MaterialManager.m */ = {isa = PBXFileReference; fileEncoding = 4; lastKnownFileType = sourcecode.c.objc; name = MaterialManager.m; path = "Data Managers/MaterialManager.m"; sourceTree = "<group>"; };
		736A89911AA8CB190035631A /* Course.h */ = {isa = PBXFileReference; fileEncoding = 4; lastKnownFileType = sourcecode.c.h; name = Course.h; path = "Data Models/Course.h"; sourceTree = "<group>"; };
		736A89921AA8CB190035631A /* Course.m */ = {isa = PBXFileReference; fileEncoding = 4; lastKnownFileType = sourcecode.c.objc; name = Course.m; path = "Data Models/Course.m"; sourceTree = "<group>"; };
		736A89931AA8CB190035631A /* Material.h */ = {isa = PBXFileReference; fileEncoding = 4; lastKnownFileType = sourcecode.c.h; name = Material.h; path = "Data Models/Material.h"; sourceTree = "<group>"; };
		736A89941AA8CB190035631A /* Material.m */ = {isa = PBXFileReference; fileEncoding = 4; lastKnownFileType = sourcecode.c.objc; name = Material.m; path = "Data Models/Material.m"; sourceTree = "<group>"; };
		736A89951AA8CB190035631A /* User.h */ = {isa = PBXFileReference; fileEncoding = 4; lastKnownFileType = sourcecode.c.h; name = User.h; path = "Data Models/User.h"; sourceTree = "<group>"; };
		736A89961AA8CB190035631A /* User.m */ = {isa = PBXFileReference; fileEncoding = 4; lastKnownFileType = sourcecode.c.objc; name = User.m; path = "Data Models/User.m"; sourceTree = "<group>"; };
		736A89971AA8CB190035631A /* UserManager.h */ = {isa = PBXFileReference; fileEncoding = 4; lastKnownFileType = sourcecode.c.h; name = UserManager.h; path = "Data Models/UserManager.h"; sourceTree = "<group>"; };
		736A89981AA8CB190035631A /* UserManager.m */ = {isa = PBXFileReference; fileEncoding = 4; lastKnownFileType = sourcecode.c.objc; name = UserManager.m; path = "Data Models/UserManager.m"; sourceTree = "<group>"; };
		8F1E33641AA915DA001C7A56 /* HeaderTableViewCell.h */ = {isa = PBXFileReference; fileEncoding = 4; lastKnownFileType = sourcecode.c.h; name = HeaderTableViewCell.h; path = Views/Common/HeaderTableViewCell.h; sourceTree = "<group>"; };
		8F1E33651AA915DA001C7A56 /* HeaderTableViewCell.m */ = {isa = PBXFileReference; fileEncoding = 4; lastKnownFileType = sourcecode.c.objc; name = HeaderTableViewCell.m; path = Views/Common/HeaderTableViewCell.m; sourceTree = "<group>"; };
		8F1E33661AA915DA001C7A56 /* HeaderTableViewCell.xib */ = {isa = PBXFileReference; fileEncoding = 4; lastKnownFileType = file.xib; name = HeaderTableViewCell.xib; path = Views/Common/HeaderTableViewCell.xib; sourceTree = "<group>"; };
		8F8B60491AAC904C00FF9FED /* ColorUtility.h */ = {isa = PBXFileReference; fileEncoding = 4; lastKnownFileType = sourcecode.c.h; name = ColorUtility.h; path = Utilities/ColorUtility.h; sourceTree = "<group>"; };
		8F8B604A1AAC904C00FF9FED /* ColorUtility.m */ = {isa = PBXFileReference; fileEncoding = 4; lastKnownFileType = sourcecode.c.objc; name = ColorUtility.m; path = Utilities/ColorUtility.m; sourceTree = "<group>"; };
		8FE90E0C1AB1171300EEE58F /* MaterialImportViewController.h */ = {isa = PBXFileReference; fileEncoding = 4; lastKnownFileType = sourcecode.c.h; name = MaterialImportViewController.h; path = "View Controllers/Materials/MaterialImportViewController.h"; sourceTree = "<group>"; };
		8FE90E0D1AB1171300EEE58F /* MaterialImportViewController.m */ = {isa = PBXFileReference; fileEncoding = 4; lastKnownFileType = sourcecode.c.objc; name = MaterialImportViewController.m; path = "View Controllers/Materials/MaterialImportViewController.m"; sourceTree = "<group>"; };
		8FE90E0F1AB11B3300EEE58F /* Pencils.entitlements */ = {isa = PBXFileReference; lastKnownFileType = text.xml; path = Pencils.entitlements; sourceTree = "<group>"; };
		8FEAE1591AACAC5A000A0F2C /* RequestsTableViewCell.h */ = {isa = PBXFileReference; fileEncoding = 4; lastKnownFileType = sourcecode.c.h; name = RequestsTableViewCell.h; path = Views/Home/RequestsTableViewCell.h; sourceTree = "<group>"; };
		8FEAE15A1AACAC5A000A0F2C /* RequestsTableViewCell.m */ = {isa = PBXFileReference; fileEncoding = 4; lastKnownFileType = sourcecode.c.objc; name = RequestsTableViewCell.m; path = Views/Home/RequestsTableViewCell.m; sourceTree = "<group>"; };
		8FEAE15B1AACAC5A000A0F2C /* RequestsTableViewCell.xib */ = {isa = PBXFileReference; fileEncoding = 4; lastKnownFileType = file.xib; name = RequestsTableViewCell.xib; path = Views/Home/RequestsTableViewCell.xib; sourceTree = "<group>"; };
		8FEAE15E1AACAE17000A0F2C /* libPods.a */ = {isa = PBXFileReference; lastKnownFileType = archive.ar; name = libPods.a; path = "Pods/../build/Debug-iphoneos/libPods.a"; sourceTree = "<group>"; };
		8FEAE1601AACB3F6000A0F2C /* EmptyListTableViewCell.h */ = {isa = PBXFileReference; fileEncoding = 4; lastKnownFileType = sourcecode.c.h; name = EmptyListTableViewCell.h; path = Views/Common/EmptyListTableViewCell.h; sourceTree = "<group>"; };
		8FEAE1611AACB3F6000A0F2C /* EmptyListTableViewCell.m */ = {isa = PBXFileReference; fileEncoding = 4; lastKnownFileType = sourcecode.c.objc; name = EmptyListTableViewCell.m; path = Views/Common/EmptyListTableViewCell.m; sourceTree = "<group>"; };
		8FEAE1621AACB3F6000A0F2C /* EmptyListTableViewCell.xib */ = {isa = PBXFileReference; fileEncoding = 4; lastKnownFileType = file.xib; name = EmptyListTableViewCell.xib; path = Views/Common/EmptyListTableViewCell.xib; sourceTree = "<group>"; };
/* End PBXFileReference section */

/* Begin PBXFrameworksBuildPhase section */
		736A88D81AA819A40035631A /* Frameworks */ = {
			isa = PBXFrameworksBuildPhase;
			buildActionMask = 2147483647;
			files = (
				4220930C02A341CF7DCA73C7 /* libPods.a in Frameworks */,
			);
			runOnlyForDeploymentPostprocessing = 0;
		};
		736A88F11AA819A40035631A /* Frameworks */ = {
			isa = PBXFrameworksBuildPhase;
			buildActionMask = 2147483647;
			files = (
			);
			runOnlyForDeploymentPostprocessing = 0;
		};
/* End PBXFrameworksBuildPhase section */

/* Begin PBXGroup section */
		50EC3B1FA6DDFEB55F4412AE /* Frameworks */ = {
			isa = PBXGroup;
			children = (
				8FEAE15E1AACAE17000A0F2C /* libPods.a */,
				54BF8E171EB0C38EEC311560 /* libPods.a */,
			);
			name = Frameworks;
			sourceTree = "<group>";
		};
		58059A81657BC21CBD539E6D /* Pods */ = {
			isa = PBXGroup;
			children = (
				0F2A0554565FA42DB574478E /* Pods.debug.xcconfig */,
				6F0F987FDC3E78742DF01139 /* Pods.release.xcconfig */,
			);
			name = Pods;
			sourceTree = "<group>";
		};
		736A88D21AA819A40035631A = {
			isa = PBXGroup;
			children = (
				736A88DD1AA819A40035631A /* Pencils */,
				736A88F71AA819A40035631A /* PencilsTests */,
				736A88DC1AA819A40035631A /* Products */,
				58059A81657BC21CBD539E6D /* Pods */,
				50EC3B1FA6DDFEB55F4412AE /* Frameworks */,
			);
			sourceTree = "<group>";
		};
		736A88DC1AA819A40035631A /* Products */ = {
			isa = PBXGroup;
			children = (
				736A88DB1AA819A40035631A /* Pencils.app */,
				736A88F41AA819A40035631A /* PencilsTests.xctest */,
			);
			name = Products;
			sourceTree = "<group>";
		};
		736A88DD1AA819A40035631A /* Pencils */ = {
			isa = PBXGroup;
			children = (
				8FE90E0F1AB11B3300EEE58F /* Pencils.entitlements */,
				736A890D1AA8A9EF0035631A /* Controllers */,
				736A89871AA8BB990035631A /* Data Managers */,
				736A890B1AA8A9E30035631A /* Data Models */,
				736A88DE1AA819A40035631A /* Supporting Files */,
				736A890C1AA8A9EA0035631A /* Views */,
				736A893D1AA8B0820035631A /* Utilities */,
				736A88E21AA819A40035631A /* AppDelegate.h */,
				736A88E31AA819A40035631A /* AppDelegate.m */,
				736A88EB1AA819A40035631A /* Images.xcassets */,
				736A88ED1AA819A40035631A /* LaunchScreen.xib */,
			);
			path = Pencils;
			sourceTree = "<group>";
		};
		736A88DE1AA819A40035631A /* Supporting Files */ = {
			isa = PBXGroup;
			children = (
				736A88DF1AA819A40035631A /* Info.plist */,
				736A88E01AA819A40035631A /* main.m */,
			);
			name = "Supporting Files";
			sourceTree = "<group>";
		};
		736A88F71AA819A40035631A /* PencilsTests */ = {
			isa = PBXGroup;
			children = (
				736A89211AA8ACC50035631A /* Models */,
				736A88F81AA819A40035631A /* Supporting Files */,
				736A88FA1AA819A40035631A /* PencilsTests.m */,
			);
			path = PencilsTests;
			sourceTree = "<group>";
		};
		736A88F81AA819A40035631A /* Supporting Files */ = {
			isa = PBXGroup;
			children = (
				736A88F91AA819A40035631A /* Info.plist */,
			);
			name = "Supporting Files";
			sourceTree = "<group>";
		};
		736A890B1AA8A9E30035631A /* Data Models */ = {
			isa = PBXGroup;
			children = (
				736A89911AA8CB190035631A /* Course.h */,
				736A89921AA8CB190035631A /* Course.m */,
				736A89931AA8CB190035631A /* Material.h */,
				736A89941AA8CB190035631A /* Material.m */,
				736A89951AA8CB190035631A /* User.h */,
				736A89961AA8CB190035631A /* User.m */,
			);
			name = "Data Models";
			sourceTree = "<group>";
		};
		736A890C1AA8A9EA0035631A /* Views */ = {
			isa = PBXGroup;
			children = (
				736A89241AA8AF480035631A /* Common */,
				8FEAE1571AACAC30000A0F2C /* Home */,
			);
			name = Views;
			sourceTree = "<group>";
		};
		736A890D1AA8A9EF0035631A /* Controllers */ = {
			isa = PBXGroup;
			children = (
				736A89441AA8B4190035631A /* Courses */,
				736A892F1AA8AFC90035631A /* Home */,
				736A89131AA8AA380035631A /* Login and Signup */,
				736A89701AA8B6530035631A /* Materials */,
				736A897C1AA8B95E0035631A /* Upload */,
			);
			name = Controllers;
			sourceTree = "<group>";
		};
		736A89131AA8AA380035631A /* Login and Signup */ = {
			isa = PBXGroup;
			children = (
				736A890E1AA8AA2A0035631A /* LoginViewController.h */,
				736A890F1AA8AA2A0035631A /* LoginViewController.m */,
				736A89101AA8AA2A0035631A /* LoginViewController.xib */,
				736A89141AA8AA570035631A /* SignupViewController.h */,
				736A89151AA8AA570035631A /* SignupViewController.m */,
				736A89161AA8AA570035631A /* SignupViewController.xib */,
			);
			name = "Login and Signup";
			sourceTree = "<group>";
		};
		736A89211AA8ACC50035631A /* Models */ = {
			isa = PBXGroup;
			children = (
				736A89221AA8AD010035631A /* UserTest.m */,
			);
			name = Models;
			sourceTree = "<group>";
		};
		736A89241AA8AF480035631A /* Common */ = {
			isa = PBXGroup;
			children = (
				736A89251AA8AF7C0035631A /* CourseTableViewCell.h */,
				736A89261AA8AF7C0035631A /* CourseTableViewCell.m */,
				736A89271AA8AF7C0035631A /* CourseTableViewCell.xib */,
				8FEAE1601AACB3F6000A0F2C /* EmptyListTableViewCell.h */,
				8FEAE1611AACB3F6000A0F2C /* EmptyListTableViewCell.m */,
				8FEAE1621AACB3F6000A0F2C /* EmptyListTableViewCell.xib */,
				8F1E33641AA915DA001C7A56 /* HeaderTableViewCell.h */,
				8F1E33651AA915DA001C7A56 /* HeaderTableViewCell.m */,
				8F1E33661AA915DA001C7A56 /* HeaderTableViewCell.xib */,
				736A89611AA8B5DF0035631A /* MaterialCell.h */,
				736A89621AA8B5DF0035631A /* MaterialCell.m */,
				736A89631AA8B5DF0035631A /* MaterialCell.xib */,
				736A89661AA8B6080035631A /* SearchTableViewCell.h */,
				736A89671AA8B6080035631A /* SearchTableViewCell.m */,
				736A89681AA8B6080035631A /* SearchTableViewCell.xib */,
				736A892A1AA8AFC20035631A /* TeacherTableViewCell.h */,
				736A892B1AA8AFC20035631A /* TeacherTableViewCell.m */,
				736A892C1AA8AFC20035631A /* TeacherTableViewCell.xib */,
				145B7E491AAFF1C30063F486 /* GlobalCourseDetailsTableViewCell.h */,
				145B7E4A1AAFF1C30063F486 /* GlobalCourseDetailsTableViewCell.m */,
				145B7E4B1AAFF1C30063F486 /* GlobalCourseDetailsTableViewCell.xib */,
				145B7E4E1AAFF5070063F486 /* GlobalCourseTeacherTableViewCell.h */,
				145B7E4F1AAFF5070063F486 /* GlobalCourseTeacherTableViewCell.m */,
				145B7E501AAFF5070063F486 /* GlobalCourseTeacherTableViewCell.xib */,
				145B7E561AAFFE040063F486 /* TeacherCourseDetailsTableViewCell.h */,
				145B7E571AAFFE040063F486 /* TeacherCourseDetailsTableViewCell.m */,
				145B7E581AAFFE040063F486 /* TeacherCourseDetailsTableViewCell.xib */,
			);
			name = Common;
			sourceTree = "<group>";
		};
		736A892F1AA8AFC90035631A /* Home */ = {
			isa = PBXGroup;
			children = (
				736A89301AA8B0070035631A /* HomeViewController.h */,
				736A89311AA8B0070035631A /* HomeViewController.m */,
				736A89321AA8B0070035631A /* HomeViewController.xib */,
			);
			name = Home;
			sourceTree = "<group>";
		};
		736A893D1AA8B0820035631A /* Utilities */ = {
			isa = PBXGroup;
			children = (
				8F8B60491AAC904C00FF9FED /* ColorUtility.h */,
				8F8B604A1AAC904C00FF9FED /* ColorUtility.m */,
				736A893E1AA8B0AD0035631A /* NavigationUtility.h */,
				736A893F1AA8B0AD0035631A /* NavigationUtility.m */,
			);
			name = Utilities;
			sourceTree = "<group>";
		};
		736A89441AA8B4190035631A /* Courses */ = {
			isa = PBXGroup;
			children = (
				736A89451AA8B4300035631A /* CoursesViewController.h */,
				736A89461AA8B4300035631A /* CoursesViewController.m */,
				736A89471AA8B4300035631A /* CoursesViewController.xib */,
				736A894A1AA8B4480035631A /* CreateCourseViewController.h */,
				736A894B1AA8B4480035631A /* CreateCourseViewController.m */,
				736A894C1AA8B4480035631A /* CreateCourseViewController.xib */,
				736A896B1AA8B6340035631A /* EditCourseViewController.h */,
				736A896C1AA8B6340035631A /* EditCourseViewController.m */,
				736A896D1AA8B6340035631A /* EditCourseViewController.xib */,
				736A894F1AA8B4880035631A /* GlobalCourseViewController.h */,
				736A89501AA8B4880035631A /* GlobalCourseViewController.m */,
				736A89511AA8B4880035631A /* GlobalCourseViewController.xib */,
				736A89591AA8B4D80035631A /* TeachACourseViewController.h */,
				736A895A1AA8B4D80035631A /* TeachACourseViewController.m */,
				736A895B1AA8B4D80035631A /* TeachACourseViewController.xib */,
				736A89541AA8B4BD0035631A /* TeacherCourseViewController.h */,
				736A89551AA8B4BD0035631A /* TeacherCourseViewController.m */,
				736A89561AA8B4BD0035631A /* TeacherCourseViewController.xib */,
			);
			name = Courses;
			sourceTree = "<group>";
		};
		736A89701AA8B6530035631A /* Materials */ = {
			isa = PBXGroup;
			children = (
				8FE90E0C1AB1171300EEE58F /* MaterialImportViewController.h */,
				8FE90E0D1AB1171300EEE58F /* MaterialImportViewController.m */,
				736A89771AA8B6DE0035631A /* ViewMaterialViewController.h */,
				736A89781AA8B6DE0035631A /* ViewMaterialViewController.m */,
				736A89791AA8B6DE0035631A /* ViewMaterialViewController.xib */,
			);
			name = Materials;
			sourceTree = "<group>";
		};
		736A897C1AA8B95E0035631A /* Upload */ = {
			isa = PBXGroup;
			children = (
				736A897D1AA8B9760035631A /* UploadViewController.h */,
				736A897E1AA8B9760035631A /* UploadViewController.m */,
				736A897F1AA8B9760035631A /* UploadViewController.xib */,
			);
			name = Upload;
			sourceTree = "<group>";
		};
		736A89871AA8BB990035631A /* Data Managers */ = {
			isa = PBXGroup;
			children = (
				736A89881AA8BBCB0035631A /* CourseManager.h */,
				736A89891AA8BBCB0035631A /* CourseManager.m */,
				736A898B1AA8BCE80035631A /* MaterialManager.h */,
				736A898C1AA8BCE80035631A /* MaterialManager.m */,
				736A89971AA8CB190035631A /* UserManager.h */,
				736A89981AA8CB190035631A /* UserManager.m */,
			);
			name = "Data Managers";
			sourceTree = "<group>";
		};
		8FEAE1571AACAC30000A0F2C /* Home */ = {
			isa = PBXGroup;
			children = (
				8FEAE1591AACAC5A000A0F2C /* RequestsTableViewCell.h */,
				8FEAE15A1AACAC5A000A0F2C /* RequestsTableViewCell.m */,
				8FEAE15B1AACAC5A000A0F2C /* RequestsTableViewCell.xib */,
			);
			name = Home;
			sourceTree = "<group>";
		};
/* End PBXGroup section */

/* Begin PBXNativeTarget section */
		736A88DA1AA819A40035631A /* Pencils */ = {
			isa = PBXNativeTarget;
			buildConfigurationList = 736A88FE1AA819A40035631A /* Build configuration list for PBXNativeTarget "Pencils" */;
			buildPhases = (
				ED75349D04F20CB0CF135268 /* Check Pods Manifest.lock */,
				736A88D71AA819A40035631A /* Sources */,
				736A88D81AA819A40035631A /* Frameworks */,
				736A88D91AA819A40035631A /* Resources */,
				0C05AA37EF89374E60A73E2A /* Copy Pods Resources */,
			);
			buildRules = (
			);
			dependencies = (
			);
			name = Pencils;
			productName = Pencils;
			productReference = 736A88DB1AA819A40035631A /* Pencils.app */;
			productType = "com.apple.product-type.application";
		};
		736A88F31AA819A40035631A /* PencilsTests */ = {
			isa = PBXNativeTarget;
			buildConfigurationList = 736A89011AA819A40035631A /* Build configuration list for PBXNativeTarget "PencilsTests" */;
			buildPhases = (
				736A88F01AA819A40035631A /* Sources */,
				736A88F11AA819A40035631A /* Frameworks */,
				736A88F21AA819A40035631A /* Resources */,
			);
			buildRules = (
			);
			dependencies = (
				736A88F61AA819A40035631A /* PBXTargetDependency */,
			);
			name = PencilsTests;
			productName = PencilsTests;
			productReference = 736A88F41AA819A40035631A /* PencilsTests.xctest */;
			productType = "com.apple.product-type.bundle.unit-test";
		};
/* End PBXNativeTarget section */

/* Begin PBXProject section */
		736A88D31AA819A40035631A /* Project object */ = {
			isa = PBXProject;
			attributes = {
				LastUpgradeCheck = 0610;
				ORGANIZATIONNAME = Box;
				TargetAttributes = {
					736A88DA1AA819A40035631A = {
						CreatedOnToolsVersion = 6.1.1;
						DevelopmentTeam = RXX47375NK;
						SystemCapabilities = {
							com.apple.iCloud = {
								enabled = 1;
							};
						};
					};
					736A88F31AA819A40035631A = {
						CreatedOnToolsVersion = 6.1.1;
						TestTargetID = 736A88DA1AA819A40035631A;
					};
				};
			};
			buildConfigurationList = 736A88D61AA819A40035631A /* Build configuration list for PBXProject "Pencils" */;
			compatibilityVersion = "Xcode 3.2";
			developmentRegion = English;
			hasScannedForEncodings = 0;
			knownRegions = (
				en,
				Base,
			);
			mainGroup = 736A88D21AA819A40035631A;
			productRefGroup = 736A88DC1AA819A40035631A /* Products */;
			projectDirPath = "";
			projectRoot = "";
			targets = (
				736A88DA1AA819A40035631A /* Pencils */,
				736A88F31AA819A40035631A /* PencilsTests */,
			);
		};
/* End PBXProject section */

/* Begin PBXResourcesBuildPhase section */
		736A88D91AA819A40035631A /* Resources */ = {
			isa = PBXResourcesBuildPhase;
			buildActionMask = 2147483647;
			files = (
				736A89291AA8AF7C0035631A /* CourseTableViewCell.xib in Resources */,
				736A89811AA8B9760035631A /* UploadViewController.xib in Resources */,
				8FEAE15D1AACAC5A000A0F2C /* RequestsTableViewCell.xib in Resources */,
				736A892E1AA8AFC20035631A /* TeacherTableViewCell.xib in Resources */,
				145B7E521AAFF5070063F486 /* GlobalCourseTeacherTableViewCell.xib in Resources */,
				736A896F1AA8B6340035631A /* EditCourseViewController.xib in Resources */,
				736A88EF1AA819A40035631A /* LaunchScreen.xib in Resources */,
				736A88EC1AA819A40035631A /* Images.xcassets in Resources */,
				8F1E33681AA915DA001C7A56 /* HeaderTableViewCell.xib in Resources */,
				736A897B1AA8B6DE0035631A /* ViewMaterialViewController.xib in Resources */,
				736A89181AA8AA570035631A /* SignupViewController.xib in Resources */,
				736A89531AA8B4880035631A /* GlobalCourseViewController.xib in Resources */,
				736A89491AA8B4300035631A /* CoursesViewController.xib in Resources */,
				736A89651AA8B5DF0035631A /* MaterialCell.xib in Resources */,
				8FEAE1641AACB3F6000A0F2C /* EmptyListTableViewCell.xib in Resources */,
				145B7E4D1AAFF1C30063F486 /* GlobalCourseDetailsTableViewCell.xib in Resources */,
				736A89581AA8B4BD0035631A /* TeacherCourseViewController.xib in Resources */,
				736A89341AA8B0070035631A /* HomeViewController.xib in Resources */,
				145B7E5A1AAFFE040063F486 /* TeacherCourseDetailsTableViewCell.xib in Resources */,
				736A89121AA8AA2A0035631A /* LoginViewController.xib in Resources */,
				736A895D1AA8B4D80035631A /* TeachACourseViewController.xib in Resources */,
				736A894E1AA8B4480035631A /* CreateCourseViewController.xib in Resources */,
				736A896A1AA8B6080035631A /* SearchTableViewCell.xib in Resources */,
			);
			runOnlyForDeploymentPostprocessing = 0;
		};
		736A88F21AA819A40035631A /* Resources */ = {
			isa = PBXResourcesBuildPhase;
			buildActionMask = 2147483647;
			files = (
			);
			runOnlyForDeploymentPostprocessing = 0;
		};
/* End PBXResourcesBuildPhase section */

/* Begin PBXShellScriptBuildPhase section */
		0C05AA37EF89374E60A73E2A /* Copy Pods Resources */ = {
			isa = PBXShellScriptBuildPhase;
			buildActionMask = 2147483647;
			files = (
			);
			inputPaths = (
			);
			name = "Copy Pods Resources";
			outputPaths = (
			);
			runOnlyForDeploymentPostprocessing = 0;
			shellPath = /bin/sh;
			shellScript = "\"${SRCROOT}/Pods/Target Support Files/Pods/Pods-resources.sh\"\n";
			showEnvVarsInLog = 0;
		};
		ED75349D04F20CB0CF135268 /* Check Pods Manifest.lock */ = {
			isa = PBXShellScriptBuildPhase;
			buildActionMask = 2147483647;
			files = (
			);
			inputPaths = (
			);
			name = "Check Pods Manifest.lock";
			outputPaths = (
			);
			runOnlyForDeploymentPostprocessing = 0;
			shellPath = /bin/sh;
			shellScript = "diff \"${PODS_ROOT}/../Podfile.lock\" \"${PODS_ROOT}/Manifest.lock\" > /dev/null\nif [[ $? != 0 ]] ; then\n    cat << EOM\nerror: The sandbox is not in sync with the Podfile.lock. Run 'pod install' or update your CocoaPods installation.\nEOM\n    exit 1\nfi\n";
			showEnvVarsInLog = 0;
		};
/* End PBXShellScriptBuildPhase section */

/* Begin PBXSourcesBuildPhase section */
		736A88D71AA819A40035631A /* Sources */ = {
			isa = PBXSourcesBuildPhase;
			buildActionMask = 2147483647;
			files = (
				736A892D1AA8AFC20035631A /* TeacherTableViewCell.m in Sources */,
				736A899B1AA8CB190035631A /* User.m in Sources */,
				736A88E41AA819A40035631A /* AppDelegate.m in Sources */,
				736A894D1AA8B4480035631A /* CreateCourseViewController.m in Sources */,
				736A89571AA8B4BD0035631A /* TeacherCourseViewController.m in Sources */,
				8FE90E0E1AB1171300EEE58F /* MaterialImportViewController.m in Sources */,
				8FEAE15C1AACAC5A000A0F2C /* RequestsTableViewCell.m in Sources */,
				736A89481AA8B4300035631A /* CoursesViewController.m in Sources */,
				736A88E11AA819A40035631A /* main.m in Sources */,
				145B7E511AAFF5070063F486 /* GlobalCourseTeacherTableViewCell.m in Sources */,
				8F8B604B1AAC904C00FF9FED /* ColorUtility.m in Sources */,
				736A89801AA8B9760035631A /* UploadViewController.m in Sources */,
				736A899A1AA8CB190035631A /* Material.m in Sources */,
				736A89691AA8B6080035631A /* SearchTableViewCell.m in Sources */,
				736A897A1AA8B6DE0035631A /* ViewMaterialViewController.m in Sources */,
				736A896E1AA8B6340035631A /* EditCourseViewController.m in Sources */,
				8F1E33671AA915DA001C7A56 /* HeaderTableViewCell.m in Sources */,
				736A898A1AA8BBCB0035631A /* CourseManager.m in Sources */,
				736A89991AA8CB190035631A /* Course.m in Sources */,
				8FEAE1631AACB3F6000A0F2C /* EmptyListTableViewCell.m in Sources */,
				736A89171AA8AA570035631A /* SignupViewController.m in Sources */,
				736A89521AA8B4880035631A /* GlobalCourseViewController.m in Sources */,
				736A89111AA8AA2A0035631A /* LoginViewController.m in Sources */,
				736A89401AA8B0AD0035631A /* NavigationUtility.m in Sources */,
				145B7E591AAFFE040063F486 /* TeacherCourseDetailsTableViewCell.m in Sources */,
				736A899C1AA8CB190035631A /* UserManager.m in Sources */,
				736A895C1AA8B4D80035631A /* TeachACourseViewController.m in Sources */,
				145B7E4C1AAFF1C30063F486 /* GlobalCourseDetailsTableViewCell.m in Sources */,
				736A898D1AA8BCE80035631A /* MaterialManager.m in Sources */,
				736A89641AA8B5DF0035631A /* MaterialCell.m in Sources */,
				736A89281AA8AF7C0035631A /* CourseTableViewCell.m in Sources */,
				736A89331AA8B0070035631A /* HomeViewController.m in Sources */,
			);
			runOnlyForDeploymentPostprocessing = 0;
		};
		736A88F01AA819A40035631A /* Sources */ = {
			isa = PBXSourcesBuildPhase;
			buildActionMask = 2147483647;
			files = (
				736A89231AA8AD010035631A /* UserTest.m in Sources */,
				736A88FB1AA819A40035631A /* PencilsTests.m in Sources */,
			);
			runOnlyForDeploymentPostprocessing = 0;
		};
/* End PBXSourcesBuildPhase section */

/* Begin PBXTargetDependency section */
		736A88F61AA819A40035631A /* PBXTargetDependency */ = {
			isa = PBXTargetDependency;
			target = 736A88DA1AA819A40035631A /* Pencils */;
			targetProxy = 736A88F51AA819A40035631A /* PBXContainerItemProxy */;
		};
/* End PBXTargetDependency section */

/* Begin PBXVariantGroup section */
		736A88ED1AA819A40035631A /* LaunchScreen.xib */ = {
			isa = PBXVariantGroup;
			children = (
				736A88EE1AA819A40035631A /* Base */,
			);
			name = LaunchScreen.xib;
			sourceTree = "<group>";
		};
/* End PBXVariantGroup section */

/* Begin XCBuildConfiguration section */
		736A88FC1AA819A40035631A /* Debug */ = {
			isa = XCBuildConfiguration;
			buildSettings = {
				ALWAYS_SEARCH_USER_PATHS = NO;
				CLANG_CXX_LANGUAGE_STANDARD = "gnu++0x";
				CLANG_CXX_LIBRARY = "libc++";
				CLANG_ENABLE_MODULES = YES;
				CLANG_ENABLE_OBJC_ARC = YES;
				CLANG_WARN_BOOL_CONVERSION = YES;
				CLANG_WARN_CONSTANT_CONVERSION = YES;
				CLANG_WARN_DIRECT_OBJC_ISA_USAGE = YES_ERROR;
				CLANG_WARN_EMPTY_BODY = YES;
				CLANG_WARN_ENUM_CONVERSION = YES;
				CLANG_WARN_INT_CONVERSION = YES;
				CLANG_WARN_OBJC_ROOT_CLASS = YES_ERROR;
				CLANG_WARN_UNREACHABLE_CODE = YES;
				CLANG_WARN__DUPLICATE_METHOD_MATCH = YES;
				"CODE_SIGN_IDENTITY[sdk=iphoneos*]" = "iPhone Developer";
				COPY_PHASE_STRIP = NO;
				ENABLE_STRICT_OBJC_MSGSEND = YES;
				GCC_C_LANGUAGE_STANDARD = gnu99;
				GCC_DYNAMIC_NO_PIC = NO;
				GCC_OPTIMIZATION_LEVEL = 0;
				GCC_PREPROCESSOR_DEFINITIONS = (
					"DEBUG=1",
					"$(inherited)",
				);
				GCC_SYMBOLS_PRIVATE_EXTERN = NO;
				GCC_WARN_64_TO_32_BIT_CONVERSION = YES;
				GCC_WARN_ABOUT_RETURN_TYPE = YES_ERROR;
				GCC_WARN_UNDECLARED_SELECTOR = YES;
				GCC_WARN_UNINITIALIZED_AUTOS = YES_AGGRESSIVE;
				GCC_WARN_UNUSED_FUNCTION = YES;
				GCC_WARN_UNUSED_VARIABLE = YES;
				IPHONEOS_DEPLOYMENT_TARGET = 8.1;
				MTL_ENABLE_DEBUG_INFO = YES;
				ONLY_ACTIVE_ARCH = YES;
				SDKROOT = iphoneos;
			};
			name = Debug;
		};
		736A88FD1AA819A40035631A /* Release */ = {
			isa = XCBuildConfiguration;
			buildSettings = {
				ALWAYS_SEARCH_USER_PATHS = NO;
				CLANG_CXX_LANGUAGE_STANDARD = "gnu++0x";
				CLANG_CXX_LIBRARY = "libc++";
				CLANG_ENABLE_MODULES = YES;
				CLANG_ENABLE_OBJC_ARC = YES;
				CLANG_WARN_BOOL_CONVERSION = YES;
				CLANG_WARN_CONSTANT_CONVERSION = YES;
				CLANG_WARN_DIRECT_OBJC_ISA_USAGE = YES_ERROR;
				CLANG_WARN_EMPTY_BODY = YES;
				CLANG_WARN_ENUM_CONVERSION = YES;
				CLANG_WARN_INT_CONVERSION = YES;
				CLANG_WARN_OBJC_ROOT_CLASS = YES_ERROR;
				CLANG_WARN_UNREACHABLE_CODE = YES;
				CLANG_WARN__DUPLICATE_METHOD_MATCH = YES;
				"CODE_SIGN_IDENTITY[sdk=iphoneos*]" = "iPhone Developer";
				COPY_PHASE_STRIP = YES;
				ENABLE_NS_ASSERTIONS = NO;
				ENABLE_STRICT_OBJC_MSGSEND = YES;
				GCC_C_LANGUAGE_STANDARD = gnu99;
				GCC_WARN_64_TO_32_BIT_CONVERSION = YES;
				GCC_WARN_ABOUT_RETURN_TYPE = YES_ERROR;
				GCC_WARN_UNDECLARED_SELECTOR = YES;
				GCC_WARN_UNINITIALIZED_AUTOS = YES_AGGRESSIVE;
				GCC_WARN_UNUSED_FUNCTION = YES;
				GCC_WARN_UNUSED_VARIABLE = YES;
				IPHONEOS_DEPLOYMENT_TARGET = 8.1;
				MTL_ENABLE_DEBUG_INFO = NO;
				SDKROOT = iphoneos;
				VALIDATE_PRODUCT = YES;
			};
			name = Release;
		};
		736A88FF1AA819A40035631A /* Debug */ = {
			isa = XCBuildConfiguration;
			baseConfigurationReference = 0F2A0554565FA42DB574478E /* Pods.debug.xcconfig */;
			buildSettings = {
				ASSETCATALOG_COMPILER_APPICON_NAME = AppIcon;
				CODE_SIGN_ENTITLEMENTS = Pencils/Pencils.entitlements;
				CODE_SIGN_IDENTITY = "iPhone Developer";
				"CODE_SIGN_IDENTITY[sdk=iphoneos*]" = "iPhone Developer";
				INFOPLIST_FILE = Pencils/Info.plist;
				IPHONEOS_DEPLOYMENT_TARGET = 8.0;
				LD_RUNPATH_SEARCH_PATHS = "$(inherited) @executable_path/Frameworks";
				PRODUCT_NAME = "$(TARGET_NAME)";
				PROVISIONING_PROFILE = "";
			};
			name = Debug;
		};
		736A89001AA819A40035631A /* Release */ = {
			isa = XCBuildConfiguration;
			baseConfigurationReference = 6F0F987FDC3E78742DF01139 /* Pods.release.xcconfig */;
			buildSettings = {
				ASSETCATALOG_COMPILER_APPICON_NAME = AppIcon;
				CODE_SIGN_ENTITLEMENTS = Pencils/Pencils.entitlements;
				CODE_SIGN_IDENTITY = "iPhone Developer";
				"CODE_SIGN_IDENTITY[sdk=iphoneos*]" = "iPhone Developer";
				INFOPLIST_FILE = Pencils/Info.plist;
				IPHONEOS_DEPLOYMENT_TARGET = 8.0;
				LD_RUNPATH_SEARCH_PATHS = "$(inherited) @executable_path/Frameworks";
				PRODUCT_NAME = "$(TARGET_NAME)";
				PROVISIONING_PROFILE = "";
			};
			name = Release;
		};
		736A89021AA819A40035631A /* Debug */ = {
			isa = XCBuildConfiguration;
			buildSettings = {
				BUNDLE_LOADER = "$(TEST_HOST)";
				FRAMEWORK_SEARCH_PATHS = (
					"$(SDKROOT)/Developer/Library/Frameworks",
					"$(inherited)",
				);
				GCC_PREPROCESSOR_DEFINITIONS = (
					"DEBUG=1",
					"$(inherited)",
				);
				INFOPLIST_FILE = PencilsTests/Info.plist;
				LD_RUNPATH_SEARCH_PATHS = "$(inherited) @executable_path/Frameworks @loader_path/Frameworks";
				LIBRARY_SEARCH_PATHS = (
					"$(inherited)",
					"$(PROJECT_DIR)/build/Debug-iphoneos",
				);
				PRODUCT_NAME = "$(TARGET_NAME)";
				TEST_HOST = "$(BUILT_PRODUCTS_DIR)/Pencils.app/Pencils";
			};
			name = Debug;
		};
		736A89031AA819A40035631A /* Release */ = {
			isa = XCBuildConfiguration;
			buildSettings = {
				BUNDLE_LOADER = "$(TEST_HOST)";
				FRAMEWORK_SEARCH_PATHS = (
					"$(SDKROOT)/Developer/Library/Frameworks",
					"$(inherited)",
				);
				INFOPLIST_FILE = PencilsTests/Info.plist;
				LD_RUNPATH_SEARCH_PATHS = "$(inherited) @executable_path/Frameworks @loader_path/Frameworks";
				LIBRARY_SEARCH_PATHS = (
					"$(inherited)",
					"$(PROJECT_DIR)/build/Debug-iphoneos",
				);
				PRODUCT_NAME = "$(TARGET_NAME)";
				TEST_HOST = "$(BUILT_PRODUCTS_DIR)/Pencils.app/Pencils";
			};
			name = Release;
		};
/* End XCBuildConfiguration section */

/* Begin XCConfigurationList section */
		736A88D61AA819A40035631A /* Build configuration list for PBXProject "Pencils" */ = {
			isa = XCConfigurationList;
			buildConfigurations = (
				736A88FC1AA819A40035631A /* Debug */,
				736A88FD1AA819A40035631A /* Release */,
			);
			defaultConfigurationIsVisible = 0;
			defaultConfigurationName = Release;
		};
		736A88FE1AA819A40035631A /* Build configuration list for PBXNativeTarget "Pencils" */ = {
			isa = XCConfigurationList;
			buildConfigurations = (
				736A88FF1AA819A40035631A /* Debug */,
				736A89001AA819A40035631A /* Release */,
			);
			defaultConfigurationIsVisible = 0;
			defaultConfigurationName = Release;
		};
		736A89011AA819A40035631A /* Build configuration list for PBXNativeTarget "PencilsTests" */ = {
			isa = XCConfigurationList;
			buildConfigurations = (
				736A89021AA819A40035631A /* Debug */,
				736A89031AA819A40035631A /* Release */,
			);
			defaultConfigurationIsVisible = 0;
			defaultConfigurationName = Release;
		};
/* End XCConfigurationList section */
	};
	rootObject = 736A88D31AA819A40035631A /* Project object */;
}
